{
  "version": 4,
  "terraform_version": "1.9.8",
  "serial": 30,
  "lineage": "413c54bc-6b0b-4174-bf62-b794d346ce66",
  "outputs": {},
  "resources": [
    {
      "mode": "managed",
      "type": "google_cloud_run_service_iam_member",
      "name": "no_auth",
      "provider": "provider[\"registry.terraform.io/hashicorp/google\"]",
      "instances": [
        {
          "schema_version": 0,
          "attributes": {
            "condition": [],
            "etag": "BwYlS6DFyyc=",
            "id": "v1/projects/local-volt-431316-m2/locations/us-central1/services/stg-assessment/roles/run.invoker/allUsers",
            "location": "us-central1",
            "member": "allUsers",
            "project": "local-volt-431316-m2",
            "role": "roles/run.invoker",
            "service": "v1/projects/local-volt-431316-m2/locations/us-central1/services/stg-assessment"
          },
          "sensitive_attributes": [],
          "private": "bnVsbA==",
          "dependencies": [
            "google_cloud_run_v2_service.assessment"
          ]
        }
      ]
    },
    {
      "mode": "managed",
      "type": "google_cloud_run_v2_service",
      "name": "assessment",
      "provider": "provider[\"registry.terraform.io/hashicorp/google\"]",
      "instances": [
        {
          "schema_version": 0,
          "attributes": {
            "annotations": {},
            "binary_authorization": [],
            "client": "",
            "client_version": "",
            "conditions": [
              {
                "execution_reason": "",
                "last_transition_time": "2024-10-25T12:33:40.961156Z",
                "message": "",
                "reason": "",
                "revision_reason": "",
                "severity": "",
                "state": "CONDITION_SUCCEEDED",
                "type": "RoutesReady"
              },
              {
                "execution_reason": "",
                "last_transition_time": "2024-10-25T12:33:36.987189Z",
                "message": "",
                "reason": "",
                "revision_reason": "",
                "severity": "",
                "state": "CONDITION_SUCCEEDED",
                "type": "ConfigurationsReady"
              }
            ],
            "create_time": "2024-10-25T11:26:32.958356Z",
            "creator": "development@local-volt-431316-m2.iam.gserviceaccount.com",
            "custom_audiences": [],
            "delete_time": "",
            "deletion_protection": true,
            "description": "",
            "effective_annotations": {},
            "effective_labels": {
              "goog-terraform-provisioned": "true"
            },
            "etag": "\"CNef7rgGEJimwlQ/cHJvamVjdHMvbG9jYWwtdm9sdC00MzEzMTYtbTIvbG9jYXRpb25zL3VzLWNlbnRyYWwxL3NlcnZpY2VzL3N0Zy1hc3Nlc3NtZW50\"",
            "expire_time": "",
            "generation": "3",
            "id": "projects/local-volt-431316-m2/locations/us-central1/services/stg-assessment",
            "ingress": "INGRESS_TRAFFIC_ALL",
            "invoker_iam_disabled": false,
            "labels": {},
            "last_modifier": "development@local-volt-431316-m2.iam.gserviceaccount.com",
            "latest_created_revision": "projects/local-volt-431316-m2/locations/us-central1/services/stg-assessment/revisions/stg-assessment-00003-s5x",
            "latest_ready_revision": "projects/local-volt-431316-m2/locations/us-central1/services/stg-assessment/revisions/stg-assessment-00003-s5x",
            "launch_stage": "GA",
            "location": "us-central1",
            "name": "stg-assessment",
            "observed_generation": "3",
            "project": "local-volt-431316-m2",
            "reconciling": false,
            "scaling": [],
            "template": [
              {
                "annotations": {},
                "containers": [
                  {
                    "args": [],
                    "command": [],
                    "depends_on": [],
                    "env": [
                      {
                        "name": "ENV",
                        "value": "pro",
                        "value_source": []
                      },
                      {
                        "name": "FACE_SERVER",
                        "value": "NA",
                        "value_source": []
                      },
                      {
                        "name": "GOOGLE_APPLICATION_CREDENTIALS",
                        "value": "/tmp/app/credentials/local-volt-431316-m2-4fe954a04994.json",
                        "value_source": []
                      },
                      {
                        "name": "NODE_SERVER_PATH",
                        "value": "/",
                        "value_source": []
                      },
                      {
                        "name": "SEND_GRID_VARIABLE",
                        "value": "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",
                        "value_source": []
                      },
                      {
                        "name": "TRAIN_SERVER",
                        "value": "NA",
                        "value_source": []
                      },
                      {
                        "name": "USE_SECURE",
                        "value": "no",
                        "value_source": []
                      },
                      {
                        "name": "WORKSPACE",
                        "value": "/tmp/app",
                        "value_source": []
                      }
                    ],
                    "image": "us-docker.pkg.dev/ejfexperiments/us.gcr.io/nogales_assessment_front_back:1.12.0",
                    "liveness_probe": [],
                    "name": "",
                    "ports": [
                      {
                        "container_port": 8080,
                        "name": "http1"
                      }
                    ],
                    "resources": [
                      {
                        "cpu_idle": false,
                        "limits": {
                          "cpu": "2",
                          "memory": "4Gi"
                        },
                        "startup_cpu_boost": false
                      }
                    ],
                    "startup_probe": [
                      {
                        "failure_threshold": 1,
                        "grpc": [],
                        "http_get": [],
                        "initial_delay_seconds": 0,
                        "period_seconds": 240,
                        "tcp_socket": [
                          {
                            "port": 8080
                          }
                        ],
                        "timeout_seconds": 240
                      }
                    ],
                    "volume_mounts": [],
                    "working_dir": ""
                  }
                ],
                "encryption_key": "",
                "execution_environment": "",
                "labels": {},
                "max_instance_request_concurrency": 20,
                "revision": "",
                "scaling": [
                  {
                    "max_instance_count": 1,
                    "min_instance_count": 0
                  }
                ],
                "service_account": "284609972807-compute@developer.gserviceaccount.com",
                "session_affinity": false,
                "timeout": "300s",
                "volumes": [],
                "vpc_access": []
              }
            ],
            "terminal_condition": [
              {
                "execution_reason": "",
                "last_transition_time": "2024-10-25T12:33:41.921766Z",
                "message": "",
                "reason": "",
                "revision_reason": "",
                "severity": "",
                "state": "CONDITION_SUCCEEDED",
                "type": "Ready"
              }
            ],
            "terraform_labels": {
              "goog-terraform-provisioned": "true"
            },
            "timeouts": null,
            "traffic": [
              {
                "percent": 100,
                "revision": "",
                "tag": "",
                "type": "TRAFFIC_TARGET_ALLOCATION_TYPE_LATEST"
              }
            ],
            "traffic_statuses": [
              {
                "percent": 100,
                "revision": "",
                "tag": "",
                "type": "TRAFFIC_TARGET_ALLOCATION_TYPE_LATEST",
                "uri": ""
              }
            ],
            "uid": "3e354f19-d196-441e-a231-f5129362c7df",
            "update_time": "2024-10-25T12:32:23.177247Z",
            "uri": "https://stg-assessment-zozosgrfpa-uc.a.run.app"
          },
          "sensitive_attributes": [],
          "private": "eyJlMmJmYjczMC1lY2FhLTExZTYtOGY4OC0zNDM2M2JjN2M0YzAiOnsiY3JlYXRlIjoxMjAwMDAwMDAwMDAwLCJkZWxldGUiOjEyMDAwMDAwMDAwMDAsInVwZGF0ZSI6MTIwMDAwMDAwMDAwMH19"
        }
      ]
    },
    {
      "mode": "managed",
      "type": "google_compute_address",
      "name": "nogales_private_ip",
      "provider": "provider[\"registry.terraform.io/hashicorp/google\"]",
      "instances": [
        {
          "schema_version": 0,
          "attributes": {
            "address": "10.2.0.4",
            "address_type": "INTERNAL",
            "creation_timestamp": "2024-10-25T05:57:19.978-07:00",
            "description": "",
            "effective_labels": {
              "goog-terraform-provisioned": "true"
            },
            "id": "projects/local-volt-431316-m2/regions/us-central1/addresses/stg-nogales-private-ip",
            "ip_version": "",
            "ipv6_endpoint_type": "",
            "label_fingerprint": "vezUS-42LLM=",
            "labels": {},
            "name": "stg-nogales-private-ip",
            "network": "",
            "network_tier": "PREMIUM",
            "prefix_length": 0,
            "project": "local-volt-431316-m2",
            "purpose": "GCE_ENDPOINT",
            "region": "us-central1",
            "self_link": "https://www.googleapis.com/compute/v1/projects/local-volt-431316-m2/regions/us-central1/addresses/stg-nogales-private-ip",
            "subnetwork": "https://www.googleapis.com/compute/v1/projects/local-volt-431316-m2/regions/us-central1/subnetworks/stg-nogales-subnetwork",
            "terraform_labels": {
              "goog-terraform-provisioned": "true"
            },
            "timeouts": null,
            "users": []
          },
          "sensitive_attributes": [],
          "private": "eyJlMmJmYjczMC1lY2FhLTExZTYtOGY4OC0zNDM2M2JjN2M0YzAiOnsiY3JlYXRlIjoxMjAwMDAwMDAwMDAwLCJkZWxldGUiOjEyMDAwMDAwMDAwMDAsInVwZGF0ZSI6MTIwMDAwMDAwMDAwMH19",
          "dependencies": [
            "google_compute_network.nogales-network",
            "google_compute_subnetwork.nogales-subnetwork"
          ]
        }
      ]
    },
    {
      "mode": "managed",
      "type": "google_compute_address",
      "name": "videcall_ip",
      "provider": "provider[\"registry.terraform.io/hashicorp/google\"]",
      "instances": [
        {
          "schema_version": 0,
          "attributes": {
            "address": "35.192.214.149",
            "address_type": "EXTERNAL",
            "creation_timestamp": "2024-10-25T06:03:33.928-07:00",
            "description": "",
            "effective_labels": {
              "goog-terraform-provisioned": "true"
            },
            "id": "projects/local-volt-431316-m2/regions/us-central1/addresses/stg-nogales-videcall-ip",
            "ip_version": "",
            "ipv6_endpoint_type": "",
            "label_fingerprint": "vezUS-42LLM=",
            "labels": null,
            "name": "stg-nogales-videcall-ip",
            "network": "",
            "network_tier": "PREMIUM",
            "prefix_length": 0,
            "project": "local-volt-431316-m2",
            "purpose": "",
            "region": "us-central1",
            "self_link": "https://www.googleapis.com/compute/v1/projects/local-volt-431316-m2/regions/us-central1/addresses/stg-nogales-videcall-ip",
            "subnetwork": "",
            "terraform_labels": {
              "goog-terraform-provisioned": "true"
            },
            "timeouts": null,
            "users": []
          },
          "sensitive_attributes": [],
          "private": "eyJlMmJmYjczMC1lY2FhLTExZTYtOGY4OC0zNDM2M2JjN2M0YzAiOnsiY3JlYXRlIjoxMjAwMDAwMDAwMDAwLCJkZWxldGUiOjEyMDAwMDAwMDAwMDAsInVwZGF0ZSI6MTIwMDAwMDAwMDAwMH19"
        }
      ]
    },
    {
      "mode": "managed",
      "type": "google_compute_firewall",
      "name": "http-rule",
      "provider": "provider[\"registry.terraform.io/hashicorp/google\"]",
      "instances": [
        {
          "schema_version": 1,
          "attributes": {
            "allow": [
              {
                "ports": [
                  "80"
                ],
                "protocol": "tcp"
              }
            ],
            "creation_timestamp": "2024-10-25T05:58:54.878-07:00",
            "deny": [],
            "description": "",
            "destination_ranges": [],
            "direction": "INGRESS",
            "disabled": false,
            "enable_logging": null,
            "id": "projects/local-volt-431316-m2/global/firewalls/stg-nogales-http-rule",
            "log_config": [],
            "name": "stg-nogales-http-rule",
            "network": "https://www.googleapis.com/compute/v1/projects/local-volt-431316-m2/global/networks/stg-nogales-network",
            "priority": 1000,
            "project": "local-volt-431316-m2",
            "self_link": "https://www.googleapis.com/compute/v1/projects/local-volt-431316-m2/global/firewalls/stg-nogales-http-rule",
            "source_ranges": [
              "0.0.0.0/0"
            ],
            "source_service_accounts": [],
            "source_tags": [],
            "target_service_accounts": [],
            "target_tags": [],
            "timeouts": null
          },
          "sensitive_attributes": [],
          "private": "eyJlMmJmYjczMC1lY2FhLTExZTYtOGY4OC0zNDM2M2JjN2M0YzAiOnsiY3JlYXRlIjoxMjAwMDAwMDAwMDAwLCJkZWxldGUiOjEyMDAwMDAwMDAwMDAsInVwZGF0ZSI6MTIwMDAwMDAwMDAwMH0sInNjaGVtYV92ZXJzaW9uIjoiMSJ9",
          "dependencies": [
            "google_compute_network.nogales-network"
          ]
        }
      ]
    },
    {
      "mode": "managed",
      "type": "google_compute_firewall",
      "name": "https-rule",
      "provider": "provider[\"registry.terraform.io/hashicorp/google\"]",
      "instances": [
        {
          "schema_version": 1,
          "attributes": {
            "allow": [
              {
                "ports": [
                  "443"
                ],
                "protocol": "tcp"
              }
            ],
            "creation_timestamp": "2024-10-25T05:58:54.878-07:00",
            "deny": [],
            "description": "",
            "destination_ranges": [],
            "direction": "INGRESS",
            "disabled": false,
            "enable_logging": null,
            "id": "projects/local-volt-431316-m2/global/firewalls/stg-nogales-https-rule",
            "log_config": [],
            "name": "stg-nogales-https-rule",
            "network": "https://www.googleapis.com/compute/v1/projects/local-volt-431316-m2/global/networks/stg-nogales-network",
            "priority": 1000,
            "project": "local-volt-431316-m2",
            "self_link": "https://www.googleapis.com/compute/v1/projects/local-volt-431316-m2/global/firewalls/stg-nogales-https-rule",
            "source_ranges": [
              "0.0.0.0/0"
            ],
            "source_service_accounts": [],
            "source_tags": [],
            "target_service_accounts": [],
            "target_tags": [],
            "timeouts": null
          },
          "sensitive_attributes": [],
          "private": "eyJlMmJmYjczMC1lY2FhLTExZTYtOGY4OC0zNDM2M2JjN2M0YzAiOnsiY3JlYXRlIjoxMjAwMDAwMDAwMDAwLCJkZWxldGUiOjEyMDAwMDAwMDAwMDAsInVwZGF0ZSI6MTIwMDAwMDAwMDAwMH0sInNjaGVtYV92ZXJzaW9uIjoiMSJ9",
          "dependencies": [
            "google_compute_network.nogales-network"
          ]
        }
      ]
    },
    {
      "mode": "managed",
      "type": "google_compute_firewall",
      "name": "ssh-rule",
      "provider": "provider[\"registry.terraform.io/hashicorp/google\"]",
      "instances": [
        {
          "schema_version": 1,
          "attributes": {
            "allow": [
              {
                "ports": [
                  "22"
                ],
                "protocol": "tcp"
              }
            ],
            "creation_timestamp": "2024-10-25T05:58:54.915-07:00",
            "deny": [],
            "description": "",
            "destination_ranges": [],
            "direction": "INGRESS",
            "disabled": false,
            "enable_logging": null,
            "id": "projects/local-volt-431316-m2/global/firewalls/stg-nogales-ssh-rule",
            "log_config": [],
            "name": "stg-nogales-ssh-rule",
            "network": "https://www.googleapis.com/compute/v1/projects/local-volt-431316-m2/global/networks/stg-nogales-network",
            "priority": 1000,
            "project": "local-volt-431316-m2",
            "self_link": "https://www.googleapis.com/compute/v1/projects/local-volt-431316-m2/global/firewalls/stg-nogales-ssh-rule",
            "source_ranges": [
              "0.0.0.0/0"
            ],
            "source_service_accounts": [],
            "source_tags": [],
            "target_service_accounts": [],
            "target_tags": [],
            "timeouts": null
          },
          "sensitive_attributes": [],
          "private": "eyJlMmJmYjczMC1lY2FhLTExZTYtOGY4OC0zNDM2M2JjN2M0YzAiOnsiY3JlYXRlIjoxMjAwMDAwMDAwMDAwLCJkZWxldGUiOjEyMDAwMDAwMDAwMDAsInVwZGF0ZSI6MTIwMDAwMDAwMDAwMH0sInNjaGVtYV92ZXJzaW9uIjoiMSJ9",
          "dependencies": [
            "google_compute_network.nogales-network"
          ]
        }
      ]
    },
    {
      "mode": "managed",
      "type": "google_compute_network",
      "name": "nogales-network",
      "provider": "provider[\"registry.terraform.io/hashicorp/google\"]",
      "instances": [
        {
          "schema_version": 0,
          "attributes": {
            "auto_create_subnetworks": false,
            "delete_default_routes_on_create": false,
            "description": "",
            "enable_ula_internal_ipv6": false,
            "gateway_ipv4": "",
            "id": "projects/local-volt-431316-m2/global/networks/stg-nogales-network",
            "internal_ipv6_range": "",
            "mtu": 1460,
            "name": "stg-nogales-network",
            "network_firewall_policy_enforcement_order": "AFTER_CLASSIC_FIREWALL",
            "numeric_id": "8032871859497847",
            "project": "local-volt-431316-m2",
            "routing_mode": "REGIONAL",
            "self_link": "https://www.googleapis.com/compute/v1/projects/local-volt-431316-m2/global/networks/stg-nogales-network",
            "timeouts": null
          },
          "sensitive_attributes": [],
          "private": "eyJlMmJmYjczMC1lY2FhLTExZTYtOGY4OC0zNDM2M2JjN2M0YzAiOnsiY3JlYXRlIjoxMjAwMDAwMDAwMDAwLCJkZWxldGUiOjEyMDAwMDAwMDAwMDAsInVwZGF0ZSI6MTIwMDAwMDAwMDAwMH19"
        }
      ]
    },
    {
      "mode": "managed",
      "type": "google_compute_subnetwork",
      "name": "nogales-subnetwork",
      "provider": "provider[\"registry.terraform.io/hashicorp/google\"]",
      "instances": [
        {
          "schema_version": 0,
          "attributes": {
            "creation_timestamp": "2024-10-25T05:57:08.315-07:00",
            "description": "",
            "external_ipv6_prefix": "",
            "fingerprint": null,
            "gateway_address": "10.2.0.1",
            "id": "projects/local-volt-431316-m2/regions/us-central1/subnetworks/stg-nogales-subnetwork",
            "internal_ipv6_prefix": "",
            "ip_cidr_range": "10.2.0.0/28",
            "ipv6_access_type": "",
            "ipv6_cidr_range": "",
            "log_config": [],
            "name": "stg-nogales-subnetwork",
            "network": "https://www.googleapis.com/compute/v1/projects/local-volt-431316-m2/global/networks/stg-nogales-network",
            "private_ip_google_access": false,
            "private_ipv6_google_access": "DISABLE_GOOGLE_ACCESS",
            "project": "local-volt-431316-m2",
            "purpose": "PRIVATE",
            "region": "us-central1",
            "reserved_internal_range": "",
            "role": "",
            "secondary_ip_range": [],
            "self_link": "https://www.googleapis.com/compute/v1/projects/local-volt-431316-m2/regions/us-central1/subnetworks/stg-nogales-subnetwork",
            "send_secondary_ip_range_if_empty": null,
            "stack_type": "IPV4_ONLY",
            "timeouts": null
          },
          "sensitive_attributes": [],
          "private": "eyJlMmJmYjczMC1lY2FhLTExZTYtOGY4OC0zNDM2M2JjN2M0YzAiOnsiY3JlYXRlIjoxMjAwMDAwMDAwMDAwLCJkZWxldGUiOjEyMDAwMDAwMDAwMDAsInVwZGF0ZSI6MTIwMDAwMDAwMDAwMH19",
          "dependencies": [
            "google_compute_network.nogales-network"
          ]
        }
      ]
    }
  ],
  "check_results": null
}
