{
  "version": 4,
  "terraform_version": "1.9.8",
  "serial": 165,
  "lineage": "413c54bc-6b0b-4174-bf62-b794d346ce66",
  "outputs": {},
  "resources": [
    {
      "mode": "managed",
      "type": "google_cloud_run_service_iam_member",
      "name": "no_auth",
      "provider": "provider[\"registry.terraform.io/hashicorp/google\"]",
      "instances": [
        {
          "schema_version": 0,
          "attributes": {
            "condition": [],
            "etag": "BwYnRaJ6Fts=",
            "id": "v1/projects/local-volt-431316-m2/locations/us-central1/services/pro-assessment/roles/run.invoker/allUsers",
            "location": "us-central1",
            "member": "allUsers",
            "project": "local-volt-431316-m2",
            "role": "roles/run.invoker",
            "service": "v1/projects/local-volt-431316-m2/locations/us-central1/services/pro-assessment"
          },
          "sensitive_attributes": [],
          "private": "bnVsbA==",
          "dependencies": [
            "google_cloud_run_v2_service.assessment",
            "google_compute_network.nogales-network",
            "google_compute_subnetwork.nogales-subnetwork",
            "google_vpc_access_connector.connector"
          ]
        }
      ]
    },
    {
      "mode": "managed",
      "type": "google_cloud_run_service_iam_member",
      "name": "no_auth_nginx",
      "provider": "provider[\"registry.terraform.io/hashicorp/google\"]",
      "instances": [
        {
          "schema_version": 0,
          "attributes": {
            "condition": [],
            "etag": "BwYlyRHs63I=",
            "id": "v1/projects/local-volt-431316-m2/locations/us-central1/services/pro-nginx/roles/run.invoker/allUsers",
            "location": "us-central1",
            "member": "allUsers",
            "project": "local-volt-431316-m2",
            "role": "roles/run.invoker",
            "service": "v1/projects/local-volt-431316-m2/locations/us-central1/services/pro-nginx"
          },
          "sensitive_attributes": [],
          "private": "bnVsbA==",
          "dependencies": [
            "google_cloud_run_v2_service.nginx",
            "google_compute_network.nogales-network",
            "google_compute_subnetwork.nogales-subnetwork",
            "google_vpc_access_connector.connector"
          ]
        }
      ]
    },
    {
      "mode": "managed",
      "type": "google_cloud_run_service_iam_member",
      "name": "no_auth_playground",
      "provider": "provider[\"registry.terraform.io/hashicorp/google\"]",
      "instances": [
        {
          "schema_version": 0,
          "attributes": {
            "condition": [],
            "etag": "BwYmUjaO1a0=",
            "id": "v1/projects/local-volt-431316-m2/locations/us-central1/services/pro-playground/roles/run.invoker/allUsers",
            "location": "us-central1",
            "member": "allUsers",
            "project": "local-volt-431316-m2",
            "role": "roles/run.invoker",
            "service": "v1/projects/local-volt-431316-m2/locations/us-central1/services/pro-playground"
          },
          "sensitive_attributes": [],
          "private": "bnVsbA==",
          "dependencies": [
            "google_cloud_run_v2_service.playground",
            "google_compute_network.nogales-network",
            "google_compute_subnetwork.nogales-subnetwork",
            "google_vpc_access_connector.connector"
          ]
        }
      ]
    },
    {
      "mode": "managed",
      "type": "google_cloud_run_v2_service",
      "name": "assessment",
      "provider": "provider[\"registry.terraform.io/hashicorp/google\"]",
      "instances": [
        {
          "schema_version": 0,
          "attributes": {
            "annotations": {},
            "binary_authorization": [],
            "client": "",
            "client_version": "",
            "conditions": [
              {
                "execution_reason": "",
                "last_transition_time": "2024-11-19T15:31:09.958557Z",
                "message": "",
                "reason": "",
                "revision_reason": "",
                "severity": "",
                "state": "CONDITION_SUCCEEDED",
                "type": "RoutesReady"
              },
              {
                "execution_reason": "",
                "last_transition_time": "2024-11-19T15:31:08.718136Z",
                "message": "",
                "reason": "",
                "revision_reason": "",
                "severity": "",
                "state": "CONDITION_SUCCEEDED",
                "type": "ConfigurationsReady"
              }
            ],
            "create_time": "2024-11-19T15:22:55.657924Z",
            "creator": "development@local-volt-431316-m2.iam.gserviceaccount.com",
            "custom_audiences": [],
            "delete_time": "",
            "deletion_protection": false,
            "description": "",
            "effective_annotations": {},
            "effective_labels": {
              "goog-terraform-provisioned": "true"
            },
            "etag": "\"CJ_e8rkGEMD47kQ/cHJvamVjdHMvbG9jYWwtdm9sdC00MzEzMTYtbTIvbG9jYXRpb25zL3VzLWNlbnRyYWwxL3NlcnZpY2VzL3Byby1hc3Nlc3NtZW50\"",
            "expire_time": "",
            "generation": "2",
            "id": "projects/local-volt-431316-m2/locations/us-central1/services/pro-assessment",
            "ingress": "INGRESS_TRAFFIC_ALL",
            "invoker_iam_disabled": false,
            "labels": {},
            "last_modifier": "development@local-volt-431316-m2.iam.gserviceaccount.com",
            "latest_created_revision": "projects/local-volt-431316-m2/locations/us-central1/services/pro-assessment/revisions/pro-assessment-00002-grp",
            "latest_ready_revision": "projects/local-volt-431316-m2/locations/us-central1/services/pro-assessment/revisions/pro-assessment-00002-grp",
            "launch_stage": "GA",
            "location": "us-central1",
            "name": "pro-assessment",
            "observed_generation": "2",
            "project": "local-volt-431316-m2",
            "reconciling": false,
            "scaling": [],
            "template": [
              {
                "annotations": {},
                "containers": [
                  {
                    "args": [],
                    "command": [],
                    "depends_on": [],
                    "env": [
                      {
                        "name": "ENV",
                        "value": "pro",
                        "value_source": []
                      },
                      {
                        "name": "FACE_SERVER",
                        "value": "N/A",
                        "value_source": []
                      },
                      {
                        "name": "GOOGLE_APPLICATION_CREDENTIALS",
                        "value": "/tmp/app/credentials/local-volt-431316-m2-4fe954a04994.json",
                        "value_source": []
                      },
                      {
                        "name": "NODE_SERVER_PATH",
                        "value": "/",
                        "value_source": []
                      },
                      {
                        "name": "POSTGRES_DB",
                        "value": "nogales",
                        "value_source": []
                      },
                      {
                        "name": "POSTGRES_HOST",
                        "value": "35.239.160.163",
                        "value_source": []
                      },
                      {
                        "name": "POSTGRES_PASSWORD",
                        "value": "someshortpassword",
                        "value_source": []
                      },
                      {
                        "name": "POSTGRES_PORT",
                        "value": "5432",
                        "value_source": []
                      },
                      {
                        "name": "POSTGRES_USER",
                        "value": "postgres",
                        "value_source": []
                      },
                      {
                        "name": "SEND_GRID_VARIABLE",
                        "value": "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",
                        "value_source": []
                      },
                      {
                        "name": "TRAIN_SERVER",
                        "value": "NA",
                        "value_source": []
                      },
                      {
                        "name": "USE_SECURE",
                        "value": "no",
                        "value_source": []
                      },
                      {
                        "name": "WORKSPACE",
                        "value": "/tmp/app",
                        "value_source": []
                      }
                    ],
                    "image": "us-docker.pkg.dev/ejfexperiments/us.gcr.io/nogales_assessment_front_back:1.20.0",
                    "liveness_probe": [],
                    "name": "",
                    "ports": [
                      {
                        "container_port": 8080,
                        "name": "http1"
                      }
                    ],
                    "resources": [
                      {
                        "cpu_idle": false,
                        "limits": {
                          "cpu": "2",
                          "memory": "4Gi"
                        },
                        "startup_cpu_boost": false
                      }
                    ],
                    "startup_probe": [
                      {
                        "failure_threshold": 1,
                        "grpc": [],
                        "http_get": [],
                        "initial_delay_seconds": 0,
                        "period_seconds": 240,
                        "tcp_socket": [
                          {
                            "port": 8080
                          }
                        ],
                        "timeout_seconds": 240
                      }
                    ],
                    "volume_mounts": [],
                    "working_dir": ""
                  }
                ],
                "encryption_key": "",
                "execution_environment": "",
                "labels": {},
                "max_instance_request_concurrency": 20,
                "revision": "",
                "scaling": [
                  {
                    "max_instance_count": 1,
                    "min_instance_count": 0
                  }
                ],
                "service_account": "284609972807-compute@developer.gserviceaccount.com",
                "session_affinity": false,
                "timeout": "300s",
                "volumes": [],
                "vpc_access": [
                  {
                    "connector": "projects/local-volt-431316-m2/locations/us-central1/connectors/pro-nogales-theconnector",
                    "egress": "ALL_TRAFFIC",
                    "network_interfaces": []
                  }
                ]
              }
            ],
            "terminal_condition": [
              {
                "execution_reason": "",
                "last_transition_time": "2024-11-19T15:31:09.997050Z",
                "message": "",
                "reason": "",
                "revision_reason": "",
                "severity": "",
                "state": "CONDITION_SUCCEEDED",
                "type": "Ready"
              }
            ],
            "terraform_labels": {
              "goog-terraform-provisioned": "true"
            },
            "timeouts": null,
            "traffic": [
              {
                "percent": 100,
                "revision": "",
                "tag": "",
                "type": "TRAFFIC_TARGET_ALLOCATION_TYPE_LATEST"
              }
            ],
            "traffic_statuses": [
              {
                "percent": 100,
                "revision": "",
                "tag": "",
                "type": "TRAFFIC_TARGET_ALLOCATION_TYPE_LATEST",
                "uri": ""
              }
            ],
            "uid": "41bb3958-b8b7-4032-b66c-5fe31faa6a00",
            "update_time": "2024-11-19T15:30:39.144424Z",
            "uri": "https://pro-assessment-zozosgrfpa-uc.a.run.app"
          },
          "sensitive_attributes": [],
          "private": "eyJlMmJmYjczMC1lY2FhLTExZTYtOGY4OC0zNDM2M2JjN2M0YzAiOnsiY3JlYXRlIjoxMjAwMDAwMDAwMDAwLCJkZWxldGUiOjEyMDAwMDAwMDAwMDAsInVwZGF0ZSI6MTIwMDAwMDAwMDAwMH19",
          "dependencies": [
            "google_compute_network.nogales-network",
            "google_compute_subnetwork.nogales-subnetwork",
            "google_vpc_access_connector.connector"
          ]
        }
      ]
    },
    {
      "mode": "managed",
      "type": "google_cloud_run_v2_service",
      "name": "nginx",
      "provider": "provider[\"registry.terraform.io/hashicorp/google\"]",
      "instances": [
        {
          "schema_version": 0,
          "attributes": {
            "annotations": {},
            "binary_authorization": [],
            "client": "",
            "client_version": "",
            "conditions": [
              {
                "execution_reason": "",
                "last_transition_time": "2024-10-31T17:46:32.007618Z",
                "message": "",
                "reason": "",
                "revision_reason": "",
                "severity": "",
                "state": "CONDITION_SUCCEEDED",
                "type": "RoutesReady"
              },
              {
                "execution_reason": "",
                "last_transition_time": "2024-10-31T17:46:29.555897Z",
                "message": "",
                "reason": "",
                "revision_reason": "",
                "severity": "",
                "state": "CONDITION_SUCCEEDED",
                "type": "ConfigurationsReady"
              }
            ],
            "create_time": "2024-10-31T17:22:36.086090Z",
            "creator": "development@local-volt-431316-m2.iam.gserviceaccount.com",
            "custom_audiences": [],
            "delete_time": "",
            "deletion_protection": false,
            "description": "",
            "effective_annotations": {},
            "effective_labels": {
              "goog-terraform-provisioned": "true"
            },
            "etag": "\"CO6Ej7kGEOCF_5EC/cHJvamVjdHMvbG9jYWwtdm9sdC00MzEzMTYtbTIvbG9jYXRpb25zL3VzLWNlbnRyYWwxL3NlcnZpY2VzL3Byby1uZ2lueA\"",
            "expire_time": "",
            "generation": "2",
            "id": "projects/local-volt-431316-m2/locations/us-central1/services/pro-nginx",
            "ingress": "INGRESS_TRAFFIC_ALL",
            "invoker_iam_disabled": false,
            "labels": {},
            "last_modifier": "development@local-volt-431316-m2.iam.gserviceaccount.com",
            "latest_created_revision": "projects/local-volt-431316-m2/locations/us-central1/services/pro-nginx/revisions/pro-nginx-00002-zt5",
            "latest_ready_revision": "projects/local-volt-431316-m2/locations/us-central1/services/pro-nginx/revisions/pro-nginx-00002-zt5",
            "launch_stage": "GA",
            "location": "us-central1",
            "name": "pro-nginx",
            "observed_generation": "2",
            "project": "local-volt-431316-m2",
            "reconciling": false,
            "scaling": [],
            "template": [
              {
                "annotations": {},
                "containers": [
                  {
                    "args": [],
                    "command": [],
                    "depends_on": [],
                    "env": [],
                    "image": "us-docker.pkg.dev/ejfexperiments/us.gcr.io/nogales_nginx_pro:1.2.0",
                    "liveness_probe": [],
                    "name": "",
                    "ports": [
                      {
                        "container_port": 8080,
                        "name": "http1"
                      }
                    ],
                    "resources": [
                      {
                        "cpu_idle": false,
                        "limits": {
                          "cpu": "2",
                          "memory": "4Gi"
                        },
                        "startup_cpu_boost": false
                      }
                    ],
                    "startup_probe": [
                      {
                        "failure_threshold": 1,
                        "grpc": [],
                        "http_get": [],
                        "initial_delay_seconds": 0,
                        "period_seconds": 240,
                        "tcp_socket": [
                          {
                            "port": 8080
                          }
                        ],
                        "timeout_seconds": 240
                      }
                    ],
                    "volume_mounts": [],
                    "working_dir": ""
                  }
                ],
                "encryption_key": "",
                "execution_environment": "",
                "labels": {},
                "max_instance_request_concurrency": 20,
                "revision": "",
                "scaling": [
                  {
                    "max_instance_count": 1,
                    "min_instance_count": 0
                  }
                ],
                "service_account": "284609972807-compute@developer.gserviceaccount.com",
                "session_affinity": false,
                "timeout": "300s",
                "volumes": [],
                "vpc_access": [
                  {
                    "connector": "projects/local-volt-431316-m2/locations/us-central1/connectors/pro-nogales-theconnector",
                    "egress": "ALL_TRAFFIC",
                    "network_interfaces": []
                  }
                ]
              }
            ],
            "terminal_condition": [
              {
                "execution_reason": "",
                "last_transition_time": "2024-10-31T17:46:32.044914Z",
                "message": "",
                "reason": "",
                "revision_reason": "",
                "severity": "",
                "state": "CONDITION_SUCCEEDED",
                "type": "Ready"
              }
            ],
            "terraform_labels": {
              "goog-terraform-provisioned": "true"
            },
            "timeouts": null,
            "traffic": [
              {
                "percent": 100,
                "revision": "",
                "tag": "",
                "type": "TRAFFIC_TARGET_ALLOCATION_TYPE_LATEST"
              }
            ],
            "traffic_statuses": [
              {
                "percent": 100,
                "revision": "",
                "tag": "",
                "type": "TRAFFIC_TARGET_ALLOCATION_TYPE_LATEST",
                "uri": ""
              }
            ],
            "uid": "94878740-6cfa-4e56-b85b-2fbb81525bc8",
            "update_time": "2024-10-31T17:46:22.574604Z",
            "uri": "https://pro-nginx-zozosgrfpa-uc.a.run.app"
          },
          "sensitive_attributes": [],
          "private": "eyJlMmJmYjczMC1lY2FhLTExZTYtOGY4OC0zNDM2M2JjN2M0YzAiOnsiY3JlYXRlIjoxMjAwMDAwMDAwMDAwLCJkZWxldGUiOjEyMDAwMDAwMDAwMDAsInVwZGF0ZSI6MTIwMDAwMDAwMDAwMH19",
          "dependencies": [
            "google_compute_network.nogales-network",
            "google_compute_subnetwork.nogales-subnetwork",
            "google_vpc_access_connector.connector"
          ]
        }
      ]
    },
    {
      "mode": "managed",
      "type": "google_cloud_run_v2_service",
      "name": "playground",
      "provider": "provider[\"registry.terraform.io/hashicorp/google\"]",
      "instances": [
        {
          "schema_version": 0,
          "attributes": {
            "annotations": {},
            "binary_authorization": [],
            "client": "",
            "client_version": "",
            "conditions": [
              {
                "execution_reason": "",
                "last_transition_time": "2024-11-15T16:13:58.884401Z",
                "message": "",
                "reason": "",
                "revision_reason": "",
                "severity": "",
                "state": "CONDITION_SUCCEEDED",
                "type": "RoutesReady"
              },
              {
                "execution_reason": "",
                "last_transition_time": "2024-11-15T16:13:57.637020Z",
                "message": "",
                "reason": "",
                "revision_reason": "",
                "severity": "",
                "state": "CONDITION_SUCCEEDED",
                "type": "ConfigurationsReady"
              }
            ],
            "create_time": "2024-11-07T12:58:40.284427Z",
            "creator": "development@local-volt-431316-m2.iam.gserviceaccount.com",
            "custom_audiences": [],
            "delete_time": "",
            "deletion_protection": false,
            "description": "",
            "effective_annotations": {},
            "effective_labels": {
              "goog-terraform-provisioned": "true"
            },
            "etag": "\"CLbm3bkGELiYlJIB/cHJvamVjdHMvbG9jYWwtdm9sdC00MzEzMTYtbTIvbG9jYXRpb25zL3VzLWNlbnRyYWwxL3NlcnZpY2VzL3Byby1wbGF5Z3JvdW5k\"",
            "expire_time": "",
            "generation": "2",
            "id": "projects/local-volt-431316-m2/locations/us-central1/services/pro-playground",
            "ingress": "INGRESS_TRAFFIC_ALL",
            "invoker_iam_disabled": false,
            "labels": {},
            "last_modifier": "development@local-volt-431316-m2.iam.gserviceaccount.com",
            "latest_created_revision": "projects/local-volt-431316-m2/locations/us-central1/services/pro-playground/revisions/pro-playground-00002-z4x",
            "latest_ready_revision": "projects/local-volt-431316-m2/locations/us-central1/services/pro-playground/revisions/pro-playground-00002-z4x",
            "launch_stage": "GA",
            "location": "us-central1",
            "name": "pro-playground",
            "observed_generation": "2",
            "project": "local-volt-431316-m2",
            "reconciling": false,
            "scaling": [],
            "template": [
              {
                "annotations": {},
                "containers": [
                  {
                    "args": [],
                    "command": [],
                    "depends_on": [],
                    "env": [
                      {
                        "name": "ENV",
                        "value": "pro",
                        "value_source": []
                      },
                      {
                        "name": "FACE_SERVER",
                        "value": "NA",
                        "value_source": []
                      },
                      {
                        "name": "GOOGLE_APPLICATION_CREDENTIALS",
                        "value": "/tmp/app/credentials/local-volt-431316-m2-4fe954a04994.json",
                        "value_source": []
                      },
                      {
                        "name": "NODE_SERVER_PATH",
                        "value": "/",
                        "value_source": []
                      },
                      {
                        "name": "SEND_GRID_VARIABLE",
                        "value": "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",
                        "value_source": []
                      },
                      {
                        "name": "TRAIN_SERVER",
                        "value": "NA",
                        "value_source": []
                      },
                      {
                        "name": "USE_SECURE",
                        "value": "no",
                        "value_source": []
                      },
                      {
                        "name": "WORKSPACE",
                        "value": "/tmp/app",
                        "value_source": []
                      }
                    ],
                    "image": "us-docker.pkg.dev/ejfexperiments/us.gcr.io/ejflab_playground_front_back:1.0.0",
                    "liveness_probe": [],
                    "name": "",
                    "ports": [
                      {
                        "container_port": 8080,
                        "name": "http1"
                      }
                    ],
                    "resources": [
                      {
                        "cpu_idle": false,
                        "limits": {
                          "cpu": "2",
                          "memory": "4Gi"
                        },
                        "startup_cpu_boost": false
                      }
                    ],
                    "startup_probe": [
                      {
                        "failure_threshold": 1,
                        "grpc": [],
                        "http_get": [],
                        "initial_delay_seconds": 0,
                        "period_seconds": 240,
                        "tcp_socket": [
                          {
                            "port": 8080
                          }
                        ],
                        "timeout_seconds": 240
                      }
                    ],
                    "volume_mounts": [],
                    "working_dir": ""
                  }
                ],
                "encryption_key": "",
                "execution_environment": "",
                "labels": {},
                "max_instance_request_concurrency": 20,
                "revision": "",
                "scaling": [
                  {
                    "max_instance_count": 1,
                    "min_instance_count": 0
                  }
                ],
                "service_account": "284609972807-compute@developer.gserviceaccount.com",
                "session_affinity": false,
                "timeout": "300s",
                "volumes": [],
                "vpc_access": [
                  {
                    "connector": "projects/local-volt-431316-m2/locations/us-central1/connectors/pro-nogales-theconnector",
                    "egress": "ALL_TRAFFIC",
                    "network_interfaces": []
                  }
                ]
              }
            ],
            "terminal_condition": [
              {
                "execution_reason": "",
                "last_transition_time": "2024-11-15T16:13:58.915589Z",
                "message": "",
                "reason": "",
                "revision_reason": "",
                "severity": "",
                "state": "CONDITION_SUCCEEDED",
                "type": "Ready"
              }
            ],
            "terraform_labels": {
              "goog-terraform-provisioned": "true"
            },
            "timeouts": null,
            "traffic": [
              {
                "percent": 100,
                "revision": "",
                "tag": "",
                "type": "TRAFFIC_TARGET_ALLOCATION_TYPE_LATEST"
              }
            ],
            "traffic_statuses": [
              {
                "percent": 100,
                "revision": "",
                "tag": "",
                "type": "TRAFFIC_TARGET_ALLOCATION_TYPE_LATEST",
                "uri": ""
              }
            ],
            "uid": "537145eb-92ad-4b22-8438-1e07d52d358d",
            "update_time": "2024-11-15T16:13:42.306515Z",
            "uri": "https://pro-playground-zozosgrfpa-uc.a.run.app"
          },
          "sensitive_attributes": [],
          "private": "eyJlMmJmYjczMC1lY2FhLTExZTYtOGY4OC0zNDM2M2JjN2M0YzAiOnsiY3JlYXRlIjoxMjAwMDAwMDAwMDAwLCJkZWxldGUiOjEyMDAwMDAwMDAwMDAsInVwZGF0ZSI6MTIwMDAwMDAwMDAwMH19",
          "dependencies": [
            "google_compute_network.nogales-network",
            "google_compute_subnetwork.nogales-subnetwork",
            "google_vpc_access_connector.connector"
          ]
        }
      ]
    },
    {
      "mode": "managed",
      "type": "google_compute_address",
      "name": "nogales_private_ip",
      "provider": "provider[\"registry.terraform.io/hashicorp/google\"]",
      "instances": [
        {
          "schema_version": 0,
          "attributes": {
            "address": "10.2.0.4",
            "address_type": "INTERNAL",
            "creation_timestamp": "2024-10-31T09:58:37.762-07:00",
            "description": "",
            "effective_labels": {
              "goog-terraform-provisioned": "true"
            },
            "id": "projects/local-volt-431316-m2/regions/us-central1/addresses/pro-nogales-private-ip",
            "ip_version": "",
            "ipv6_endpoint_type": "",
            "label_fingerprint": "vezUS-42LLM=",
            "labels": {},
            "name": "pro-nogales-private-ip",
            "network": "",
            "network_tier": "PREMIUM",
            "prefix_length": 0,
            "project": "local-volt-431316-m2",
            "purpose": "GCE_ENDPOINT",
            "region": "us-central1",
            "self_link": "https://www.googleapis.com/compute/v1/projects/local-volt-431316-m2/regions/us-central1/addresses/pro-nogales-private-ip",
            "subnetwork": "https://www.googleapis.com/compute/v1/projects/local-volt-431316-m2/regions/us-central1/subnetworks/pro-nogales-subnetwork",
            "terraform_labels": {
              "goog-terraform-provisioned": "true"
            },
            "timeouts": null,
            "users": [
              "https://www.googleapis.com/compute/v1/projects/local-volt-431316-m2/zones/us-central1-c/instances/pro-nogales-videocall"
            ]
          },
          "sensitive_attributes": [],
          "private": "eyJlMmJmYjczMC1lY2FhLTExZTYtOGY4OC0zNDM2M2JjN2M0YzAiOnsiY3JlYXRlIjoxMjAwMDAwMDAwMDAwLCJkZWxldGUiOjEyMDAwMDAwMDAwMDAsInVwZGF0ZSI6MTIwMDAwMDAwMDAwMH19",
          "dependencies": [
            "google_compute_network.nogales-network",
            "google_compute_subnetwork.nogales-subnetwork"
          ]
        }
      ]
    },
    {
      "mode": "managed",
      "type": "google_compute_address",
      "name": "videcall_ip",
      "provider": "provider[\"registry.terraform.io/hashicorp/google\"]",
      "instances": [
        {
          "schema_version": 0,
          "attributes": {
            "address": "34.56.212.112",
            "address_type": "EXTERNAL",
            "creation_timestamp": "2024-10-31T10:29:55.123-07:00",
            "description": "",
            "effective_labels": {
              "goog-terraform-provisioned": "true"
            },
            "id": "projects/local-volt-431316-m2/regions/us-central1/addresses/pro-nogales-videcall-ip",
            "ip_version": "",
            "ipv6_endpoint_type": "",
            "label_fingerprint": "vezUS-42LLM=",
            "labels": {},
            "name": "pro-nogales-videcall-ip",
            "network": "",
            "network_tier": "PREMIUM",
            "prefix_length": 0,
            "project": "local-volt-431316-m2",
            "purpose": "",
            "region": "us-central1",
            "self_link": "https://www.googleapis.com/compute/v1/projects/local-volt-431316-m2/regions/us-central1/addresses/pro-nogales-videcall-ip",
            "subnetwork": "",
            "terraform_labels": {
              "goog-terraform-provisioned": "true"
            },
            "timeouts": null,
            "users": [
              "https://www.googleapis.com/compute/v1/projects/local-volt-431316-m2/zones/us-central1-c/instances/pro-nogales-videocall"
            ]
          },
          "sensitive_attributes": [],
          "private": "eyJlMmJmYjczMC1lY2FhLTExZTYtOGY4OC0zNDM2M2JjN2M0YzAiOnsiY3JlYXRlIjoxMjAwMDAwMDAwMDAwLCJkZWxldGUiOjEyMDAwMDAwMDAwMDAsInVwZGF0ZSI6MTIwMDAwMDAwMDAwMH19"
        }
      ]
    },
    {
      "mode": "managed",
      "type": "google_compute_firewall",
      "name": "http-rule",
      "provider": "provider[\"registry.terraform.io/hashicorp/google\"]",
      "instances": [
        {
          "schema_version": 1,
          "attributes": {
            "allow": [
              {
                "ports": [
                  "80"
                ],
                "protocol": "tcp"
              }
            ],
            "creation_timestamp": "2024-10-31T09:58:26.024-07:00",
            "deny": [],
            "description": "",
            "destination_ranges": [],
            "direction": "INGRESS",
            "disabled": false,
            "enable_logging": null,
            "id": "projects/local-volt-431316-m2/global/firewalls/pro-nogales-http-rule",
            "log_config": [],
            "name": "pro-nogales-http-rule",
            "network": "https://www.googleapis.com/compute/v1/projects/local-volt-431316-m2/global/networks/pro-nogales-network",
            "priority": 1000,
            "project": "local-volt-431316-m2",
            "self_link": "https://www.googleapis.com/compute/v1/projects/local-volt-431316-m2/global/firewalls/pro-nogales-http-rule",
            "source_ranges": [
              "0.0.0.0/0"
            ],
            "source_service_accounts": [],
            "source_tags": [],
            "target_service_accounts": [],
            "target_tags": [],
            "timeouts": null
          },
          "sensitive_attributes": [],
          "private": "eyJlMmJmYjczMC1lY2FhLTExZTYtOGY4OC0zNDM2M2JjN2M0YzAiOnsiY3JlYXRlIjoxMjAwMDAwMDAwMDAwLCJkZWxldGUiOjEyMDAwMDAwMDAwMDAsInVwZGF0ZSI6MTIwMDAwMDAwMDAwMH0sInNjaGVtYV92ZXJzaW9uIjoiMSJ9",
          "dependencies": [
            "google_compute_network.nogales-network"
          ]
        }
      ]
    },
    {
      "mode": "managed",
      "type": "google_compute_firewall",
      "name": "https-rule",
      "provider": "provider[\"registry.terraform.io/hashicorp/google\"]",
      "instances": [
        {
          "schema_version": 1,
          "attributes": {
            "allow": [
              {
                "ports": [
                  "443"
                ],
                "protocol": "tcp"
              }
            ],
            "creation_timestamp": "2024-10-31T09:58:26.022-07:00",
            "deny": [],
            "description": "",
            "destination_ranges": [],
            "direction": "INGRESS",
            "disabled": false,
            "enable_logging": null,
            "id": "projects/local-volt-431316-m2/global/firewalls/pro-nogales-https-rule",
            "log_config": [],
            "name": "pro-nogales-https-rule",
            "network": "https://www.googleapis.com/compute/v1/projects/local-volt-431316-m2/global/networks/pro-nogales-network",
            "priority": 1000,
            "project": "local-volt-431316-m2",
            "self_link": "https://www.googleapis.com/compute/v1/projects/local-volt-431316-m2/global/firewalls/pro-nogales-https-rule",
            "source_ranges": [
              "0.0.0.0/0"
            ],
            "source_service_accounts": [],
            "source_tags": [],
            "target_service_accounts": [],
            "target_tags": [],
            "timeouts": null
          },
          "sensitive_attributes": [],
          "private": "eyJlMmJmYjczMC1lY2FhLTExZTYtOGY4OC0zNDM2M2JjN2M0YzAiOnsiY3JlYXRlIjoxMjAwMDAwMDAwMDAwLCJkZWxldGUiOjEyMDAwMDAwMDAwMDAsInVwZGF0ZSI6MTIwMDAwMDAwMDAwMH0sInNjaGVtYV92ZXJzaW9uIjoiMSJ9",
          "dependencies": [
            "google_compute_network.nogales-network"
          ]
        }
      ]
    },
    {
      "mode": "managed",
      "type": "google_compute_firewall",
      "name": "ssh-rule",
      "provider": "provider[\"registry.terraform.io/hashicorp/google\"]",
      "instances": [
        {
          "schema_version": 1,
          "attributes": {
            "allow": [
              {
                "ports": [
                  "22"
                ],
                "protocol": "tcp"
              }
            ],
            "creation_timestamp": "2024-10-31T09:58:25.961-07:00",
            "deny": [],
            "description": "",
            "destination_ranges": [],
            "direction": "INGRESS",
            "disabled": false,
            "enable_logging": null,
            "id": "projects/local-volt-431316-m2/global/firewalls/pro-nogales-ssh-rule",
            "log_config": [],
            "name": "pro-nogales-ssh-rule",
            "network": "https://www.googleapis.com/compute/v1/projects/local-volt-431316-m2/global/networks/pro-nogales-network",
            "priority": 1000,
            "project": "local-volt-431316-m2",
            "self_link": "https://www.googleapis.com/compute/v1/projects/local-volt-431316-m2/global/firewalls/pro-nogales-ssh-rule",
            "source_ranges": [
              "0.0.0.0/0"
            ],
            "source_service_accounts": [],
            "source_tags": [],
            "target_service_accounts": [],
            "target_tags": [],
            "timeouts": null
          },
          "sensitive_attributes": [],
          "private": "eyJlMmJmYjczMC1lY2FhLTExZTYtOGY4OC0zNDM2M2JjN2M0YzAiOnsiY3JlYXRlIjoxMjAwMDAwMDAwMDAwLCJkZWxldGUiOjEyMDAwMDAwMDAwMDAsInVwZGF0ZSI6MTIwMDAwMDAwMDAwMH0sInNjaGVtYV92ZXJzaW9uIjoiMSJ9",
          "dependencies": [
            "google_compute_network.nogales-network"
          ]
        }
      ]
    },
    {
      "mode": "managed",
      "type": "google_compute_instance",
      "name": "videocall",
      "provider": "provider[\"registry.terraform.io/hashicorp/google\"]",
      "instances": [
        {
          "schema_version": 6,
          "attributes": {
            "advanced_machine_features": [],
            "allow_stopping_for_update": null,
            "attached_disk": [],
            "boot_disk": [
              {
                "auto_delete": false,
                "device_name": "pro-nogales-videocall",
                "disk_encryption_key_raw": "",
                "disk_encryption_key_sha256": "",
                "initialize_params": [
                  {
                    "enable_confidential_compute": false,
                    "image": "https://www.googleapis.com/compute/v1/projects/cos-cloud/global/images/cos-stable-113-18244-85-29",
                    "labels": {},
                    "provisioned_iops": 0,
                    "provisioned_throughput": 0,
                    "resource_manager_tags": {},
                    "resource_policies": [],
                    "size": 100,
                    "storage_pool": "",
                    "type": "pd-balanced"
                  }
                ],
                "interface": "",
                "kms_key_self_link": "",
                "mode": "READ_WRITE",
                "source": "https://www.googleapis.com/compute/v1/projects/local-volt-431316-m2/zones/us-central1-c/disks/pro-nogales-videocall"
              }
            ],
            "can_ip_forward": false,
            "confidential_instance_config": [],
            "cpu_platform": "Unknown CPU Platform",
            "current_status": "TERMINATED",
            "deletion_protection": false,
            "description": "",
            "desired_status": null,
            "effective_labels": {
              "container-vm": "cos-stable-113-18244-85-29",
              "goog-ec-src": "vm_add-tf",
              "goog-terraform-provisioned": "true"
            },
            "enable_display": false,
            "guest_accelerator": [],
            "hostname": "",
            "id": "projects/local-volt-431316-m2/zones/us-central1-c/instances/pro-nogales-videocall",
            "instance_id": "3720057657068751269",
            "label_fingerprint": "-w4UKwj4sas=",
            "labels": {
              "container-vm": "cos-stable-113-18244-85-29",
              "goog-ec-src": "vm_add-tf"
            },
            "machine_type": "n1-standard-1",
            "metadata": {
              "gce-container-declaration": "spec:\n  containers:\n    - image: us-docker.pkg.dev/ejfexperiments/us.gcr.io/nogales_videocall_front_back:1.3.0\n      name:  nogalesserver\n      env:\n        - name: GOOGLE_APPLICATION_CREDENTIALS\n          value: /tmp/app/credentials/local-volt-431316-m2-4fe954a04994.json\n        - name: PORT\n          value: 80\n        - name: USE_SECURE\n          value: no\n        - name: ENV\n          value: pro\n        - name: TRAIN_SERVER\n          value: NA\n        - name: FACE_SERVER\n          value: NA\n        - name: SEND_GRID_VARIABLE\n          value: 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\n        - name: WORKSPACE\n          value: /tmp/app\n        - name: NODE_SERVER_PATH\n          value: /videocall/\n      securityContext:\n        privileged: true\n      stdin: false\n      tty: false\n      volumeMounts: []\n      restartPolicy: Always\n      volumes: []\n",
              "google-logging-enabled": "true"
            },
            "metadata_fingerprint": "fN0NhXJhjXU=",
            "metadata_startup_script": null,
            "min_cpu_platform": "",
            "name": "pro-nogales-videocall",
            "network_interface": [
              {
                "access_config": [
                  {
                    "nat_ip": "34.56.212.112",
                    "network_tier": "PREMIUM",
                    "public_ptr_domain_name": ""
                  }
                ],
                "alias_ip_range": [],
                "internal_ipv6_prefix_length": 0,
                "ipv6_access_config": [],
                "ipv6_access_type": "",
                "ipv6_address": "",
                "name": "nic0",
                "network": "https://www.googleapis.com/compute/v1/projects/local-volt-431316-m2/global/networks/pro-nogales-network",
                "network_ip": "10.2.0.4",
                "nic_type": "",
                "queue_count": 0,
                "stack_type": "IPV4_ONLY",
                "subnetwork": "https://www.googleapis.com/compute/v1/projects/local-volt-431316-m2/regions/us-central1/subnetworks/pro-nogales-subnetwork",
                "subnetwork_project": "local-volt-431316-m2"
              }
            ],
            "network_performance_config": [],
            "params": [],
            "project": "local-volt-431316-m2",
            "reservation_affinity": [],
            "resource_policies": [],
            "scheduling": [
              {
                "automatic_restart": true,
                "instance_termination_action": "",
                "local_ssd_recovery_timeout": [],
                "max_run_duration": [],
                "min_node_cpus": 0,
                "node_affinities": [],
                "on_host_maintenance": "MIGRATE",
                "on_instance_stop_action": [],
                "preemptible": false,
                "provisioning_model": "STANDARD"
              }
            ],
            "scratch_disk": [],
            "self_link": "https://www.googleapis.com/compute/v1/projects/local-volt-431316-m2/zones/us-central1-c/instances/pro-nogales-videocall",
            "service_account": [
              {
                "email": "284609972807-compute@developer.gserviceaccount.com",
                "scopes": [
                  "https://www.googleapis.com/auth/devstorage.read_only",
                  "https://www.googleapis.com/auth/logging.write",
                  "https://www.googleapis.com/auth/monitoring.write",
                  "https://www.googleapis.com/auth/service.management.readonly",
                  "https://www.googleapis.com/auth/servicecontrol",
                  "https://www.googleapis.com/auth/trace.append"
                ]
              }
            ],
            "shielded_instance_config": [
              {
                "enable_integrity_monitoring": true,
                "enable_secure_boot": false,
                "enable_vtpm": true
              }
            ],
            "tags": [
              "http-server",
              "https-server",
              "ssh"
            ],
            "tags_fingerprint": "xEi19su0rvw=",
            "terraform_labels": {
              "container-vm": "cos-stable-113-18244-85-29",
              "goog-ec-src": "vm_add-tf",
              "goog-terraform-provisioned": "true"
            },
            "timeouts": null,
            "zone": "us-central1-c"
          },
          "sensitive_attributes": [
            [
              {
                "type": "get_attr",
                "value": "boot_disk"
              },
              {
                "type": "index",
                "value": {
                  "value": 0,
                  "type": "number"
                }
              },
              {
                "type": "get_attr",
                "value": "disk_encryption_key_raw"
              }
            ]
          ],
          "private": "eyJlMmJmYjczMC1lY2FhLTExZTYtOGY4OC0zNDM2M2JjN2M0YzAiOnsiY3JlYXRlIjoxMjAwMDAwMDAwMDAwLCJkZWxldGUiOjEyMDAwMDAwMDAwMDAsInVwZGF0ZSI6MTIwMDAwMDAwMDAwMH0sInNjaGVtYV92ZXJzaW9uIjoiNiJ9",
          "dependencies": [
            "google_compute_address.nogales_private_ip",
            "google_compute_address.videcall_ip",
            "google_compute_network.nogales-network",
            "google_compute_subnetwork.nogales-subnetwork"
          ]
        }
      ]
    },
    {
      "mode": "managed",
      "type": "google_compute_network",
      "name": "nogales-network",
      "provider": "provider[\"registry.terraform.io/hashicorp/google\"]",
      "instances": [
        {
          "schema_version": 0,
          "attributes": {
            "auto_create_subnetworks": false,
            "delete_default_routes_on_create": false,
            "description": "",
            "enable_ula_internal_ipv6": false,
            "gateway_ipv4": "",
            "id": "projects/local-volt-431316-m2/global/networks/pro-nogales-network",
            "internal_ipv6_range": "",
            "mtu": 1460,
            "name": "pro-nogales-network",
            "network_firewall_policy_enforcement_order": "AFTER_CLASSIC_FIREWALL",
            "numeric_id": "2028989506325973449",
            "project": "local-volt-431316-m2",
            "routing_mode": "REGIONAL",
            "self_link": "https://www.googleapis.com/compute/v1/projects/local-volt-431316-m2/global/networks/pro-nogales-network",
            "timeouts": null
          },
          "sensitive_attributes": [],
          "private": "eyJlMmJmYjczMC1lY2FhLTExZTYtOGY4OC0zNDM2M2JjN2M0YzAiOnsiY3JlYXRlIjoxMjAwMDAwMDAwMDAwLCJkZWxldGUiOjEyMDAwMDAwMDAwMDAsInVwZGF0ZSI6MTIwMDAwMDAwMDAwMH19"
        }
      ]
    },
    {
      "mode": "managed",
      "type": "google_compute_subnetwork",
      "name": "nogales-subnetwork",
      "provider": "provider[\"registry.terraform.io/hashicorp/google\"]",
      "instances": [
        {
          "schema_version": 0,
          "attributes": {
            "creation_timestamp": "2024-10-31T09:58:26.191-07:00",
            "description": "",
            "external_ipv6_prefix": "",
            "fingerprint": null,
            "gateway_address": "10.2.0.1",
            "id": "projects/local-volt-431316-m2/regions/us-central1/subnetworks/pro-nogales-subnetwork",
            "internal_ipv6_prefix": "",
            "ip_cidr_range": "10.2.0.0/28",
            "ipv6_access_type": "",
            "ipv6_cidr_range": "",
            "log_config": [],
            "name": "pro-nogales-subnetwork",
            "network": "https://www.googleapis.com/compute/v1/projects/local-volt-431316-m2/global/networks/pro-nogales-network",
            "private_ip_google_access": false,
            "private_ipv6_google_access": "DISABLE_GOOGLE_ACCESS",
            "project": "local-volt-431316-m2",
            "purpose": "PRIVATE",
            "region": "us-central1",
            "reserved_internal_range": "",
            "role": "",
            "secondary_ip_range": [],
            "self_link": "https://www.googleapis.com/compute/v1/projects/local-volt-431316-m2/regions/us-central1/subnetworks/pro-nogales-subnetwork",
            "send_secondary_ip_range_if_empty": null,
            "stack_type": "IPV4_ONLY",
            "timeouts": null
          },
          "sensitive_attributes": [],
          "private": "eyJlMmJmYjczMC1lY2FhLTExZTYtOGY4OC0zNDM2M2JjN2M0YzAiOnsiY3JlYXRlIjoxMjAwMDAwMDAwMDAwLCJkZWxldGUiOjEyMDAwMDAwMDAwMDAsInVwZGF0ZSI6MTIwMDAwMDAwMDAwMH19",
          "dependencies": [
            "google_compute_network.nogales-network"
          ]
        }
      ]
    },
    {
      "mode": "managed",
      "type": "google_sql_database_instance",
      "name": "general",
      "provider": "provider[\"registry.terraform.io/hashicorp/google\"]",
      "instances": [
        {
          "schema_version": 0,
          "attributes": {
            "available_maintenance_versions": [],
            "clone": [],
            "connection_name": "local-volt-431316-m2:us-central1:pro-general",
            "database_version": "POSTGRES_16",
            "deletion_protection": true,
            "dns_name": "",
            "encryption_key_name": null,
            "first_ip_address": "35.239.160.163",
            "id": "pro-general",
            "instance_type": "CLOUD_SQL_INSTANCE",
            "ip_address": [
              {
                "ip_address": "35.239.160.163",
                "time_to_retire": "",
                "type": "PRIMARY"
              },
              {
                "ip_address": "35.232.160.217",
                "time_to_retire": "",
                "type": "OUTGOING"
              }
            ],
            "maintenance_version": "POSTGRES_16_4.R20240910.01_17",
            "master_instance_name": "",
            "name": "pro-general",
            "private_ip_address": "",
            "project": "local-volt-431316-m2",
            "psc_service_attachment_link": "",
            "public_ip_address": "35.239.160.163",
            "region": "us-central1",
            "replica_configuration": [],
            "restore_backup_context": [],
            "root_password": null,
            "self_link": "https://sqladmin.googleapis.com/sql/v1beta4/projects/local-volt-431316-m2/instances/pro-general",
            "server_ca_cert": [
              {
                "cert": "-----BEGIN CERTIFICATE-----\nMIIDfzCCAmegAwIBAgIBADANBgkqhkiG9w0BAQsFADB3MS0wKwYDVQQuEyQxMTVk\nZGY4Ni02NGMzLTQzNjItOGYyNS0zMjRlNzk1NDJhZmYxIzAhBgNVBAMTGkdvb2ds\nZSBDbG91ZCBTUUwgU2VydmVyIENBMRQwEgYDVQQKEwtHb29nbGUsIEluYzELMAkG\nA1UEBhMCVVMwHhcNMjQxMTA3MTE1MjU0WhcNMzQxMTA1MTE1MzU0WjB3MS0wKwYD\nVQQuEyQxMTVkZGY4Ni02NGMzLTQzNjItOGYyNS0zMjRlNzk1NDJhZmYxIzAhBgNV\nBAMTGkdvb2dsZSBDbG91ZCBTUUwgU2VydmVyIENBMRQwEgYDVQQKEwtHb29nbGUs\nIEluYzELMAkGA1UEBhMCVVMwggEiMA0GCSqGSIb3DQEBAQUAA4IBDwAwggEKAoIB\nAQDBFkkCKERnP545/V8bwuzBPeybxsRBGvUWG+ARIjbWrl8TgVIT171eoTMg3uYS\nG4CsT4F1QDSZMhMIi9y01+cS94dcFlAY+GkVIwiEfuStaTr4UsfYZH6rJlcfq//l\nBvd36YX6qBF2cP6Eao7iv1p4dZGC1CyIfQGd4/3PyILdPvt8grVuvMRCXlPWON2O\n/9zvBW2H7J0sjO3SfzMnOQqkH+28/0ajXxuliryGCEKA8BjUUgUqT4ZVO0PQ6J/q\nTfou4z4l7RBoh/PVcMZVWxodA12oeCg+lnQiup8mFmqP9XkjN1EnsXtKk2Awy1Sc\nLP4CvM829heL1qphIgo8vxGrAgMBAAGjFjAUMBIGA1UdEwEB/wQIMAYBAf8CAQAw\nDQYJKoZIhvcNAQELBQADggEBAJkwN77j77Qr+ckCbA8sMimIspdqNCPXNIpYAL6r\nbvHeBJlNRWBOFye0JJ25G6MQQxx313uVuSr+p6eLPWmrZPSoOzVeow/iFiiBNKb0\nPhq4culNX3rjQ6F2ihRdE8mVuopCRz0WCDhh7bOcXH4BP2tQIPLbe++99h1t88hH\nsEEoMdIcg/eP0nEiUlL5/RsubC4z4fqiX3AheFb4JHXNCw9QEkpWSEu2/Rhy6CQ8\n+bGmlAkd9RtYtE2cEEmX5mGNNYqQk2G2Syoirs6GklWZCzcp7wl8Pn9NAC15ayIF\nc54JXHkU1e5UqELkNXFKzWetwgs+F2dTaSPYTY/y0z+s6wg=\n-----END CERTIFICATE-----",
                "common_name": "C=US,O=Google\\, Inc,CN=Google Cloud SQL Server CA,dnQualifier=115ddf86-64c3-4362-8f25-324e79542aff",
                "create_time": "2024-11-07T11:52:54.091Z",
                "expiration_time": "2034-11-05T11:53:54.091Z",
                "sha1_fingerprint": "f57d668cae030d4d42a36a9a9205bc452e875662"
              }
            ],
            "service_account_email_address": "p284609972807-62wev8@gcp-sa-cloud-sql.iam.gserviceaccount.com",
            "settings": [
              {
                "activation_policy": "ALWAYS",
                "active_directory_config": [],
                "advanced_machine_features": [],
                "availability_type": "ZONAL",
                "backup_configuration": [
                  {
                    "backup_retention_settings": [
                      {
                        "retained_backups": 7,
                        "retention_unit": "COUNT"
                      }
                    ],
                    "binary_log_enabled": false,
                    "enabled": false,
                    "location": "",
                    "point_in_time_recovery_enabled": false,
                    "start_time": "21:00",
                    "transaction_log_retention_days": 7
                  }
                ],
                "collation": "",
                "connector_enforcement": "NOT_REQUIRED",
                "data_cache_config": [],
                "database_flags": [],
                "deletion_protection_enabled": false,
                "deny_maintenance_period": [],
                "disk_autoresize": true,
                "disk_autoresize_limit": 0,
                "disk_size": 100,
                "disk_type": "PD_SSD",
                "edition": "ENTERPRISE",
                "enable_dataplex_integration": false,
                "enable_google_ml_integration": false,
                "insights_config": [],
                "ip_configuration": [
                  {
                    "allocated_ip_range": "",
                    "authorized_networks": [
                      {
                        "expiration_time": "",
                        "name": "projects/local-volt-431316-m2/global/networks/pro-nogales-network",
                        "value": "0.0.0.0/0"
                      }
                    ],
                    "enable_private_path_for_google_cloud_services": false,
                    "ipv4_enabled": true,
                    "private_network": "",
                    "psc_config": [],
                    "server_ca_mode": "GOOGLE_MANAGED_INTERNAL_CA",
                    "ssl_mode": "ALLOW_UNENCRYPTED_AND_ENCRYPTED"
                  }
                ],
                "location_preference": [
                  {
                    "follow_gae_application": "",
                    "secondary_zone": "",
                    "zone": "us-central1-f"
                  }
                ],
                "maintenance_window": [],
                "password_validation_policy": [],
                "pricing_plan": "PER_USE",
                "sql_server_audit_config": [],
                "tier": "db-g1-small",
                "time_zone": "",
                "user_labels": {},
                "version": 28
              }
            ],
            "timeouts": null
          },
          "sensitive_attributes": [
            [
              {
                "type": "get_attr",
                "value": "server_ca_cert"
              }
            ],
            [
              {
                "type": "get_attr",
                "value": "root_password"
              }
            ]
          ],
          "private": "eyJlMmJmYjczMC1lY2FhLTExZTYtOGY4OC0zNDM2M2JjN2M0YzAiOnsiY3JlYXRlIjo1NDAwMDAwMDAwMDAwLCJkZWxldGUiOjU0MDAwMDAwMDAwMDAsInVwZGF0ZSI6NTQwMDAwMDAwMDAwMH19",
          "dependencies": [
            "google_compute_network.nogales-network"
          ]
        }
      ]
    },
    {
      "mode": "managed",
      "type": "google_vpc_access_connector",
      "name": "connector",
      "provider": "provider[\"registry.terraform.io/hashicorp/google\"]",
      "instances": [
        {
          "schema_version": 0,
          "attributes": {
            "connected_projects": [
              "local-volt-431316-m2"
            ],
            "id": "projects/local-volt-431316-m2/locations/us-central1/connectors/pro-nogales-theconnector",
            "ip_cidr_range": "",
            "machine_type": "e2-micro",
            "max_instances": 3,
            "max_throughput": 300,
            "min_instances": 2,
            "min_throughput": 200,
            "name": "pro-nogales-theconnector",
            "network": "pro-nogales-network",
            "project": "local-volt-431316-m2",
            "region": "us-central1",
            "self_link": "projects/local-volt-431316-m2/locations/us-central1/connectors/pro-nogales-theconnector",
            "state": "READY",
            "subnet": [
              {
                "name": "pro-nogales-subnetwork",
                "project_id": "local-volt-431316-m2"
              }
            ],
            "timeouts": null
          },
          "sensitive_attributes": [],
          "private": "eyJlMmJmYjczMC1lY2FhLTExZTYtOGY4OC0zNDM2M2JjN2M0YzAiOnsiY3JlYXRlIjoxMjAwMDAwMDAwMDAwLCJkZWxldGUiOjEyMDAwMDAwMDAwMDB9fQ==",
          "dependencies": [
            "google_compute_network.nogales-network",
            "google_compute_subnetwork.nogales-subnetwork"
          ]
        }
      ]
    }
  ],
  "check_results": null
}
