{
  "version": 4,
  "terraform_version": "1.9.8",
  "serial": 41,
  "lineage": "413c54bc-6b0b-4174-bf62-b794d346ce66",
  "outputs": {},
  "resources": [
    {
      "mode": "managed",
      "type": "google_cloud_run_service_iam_member",
      "name": "no_auth",
      "provider": "provider[\"registry.terraform.io/hashicorp/google\"]",
      "instances": [
        {
          "schema_version": 0,
          "attributes": {
            "condition": [],
            "etag": "BwYlS6DFyyc=",
            "id": "v1/projects/local-volt-431316-m2/locations/us-central1/services/stg-assessment/roles/run.invoker/allUsers",
            "location": "us-central1",
            "member": "allUsers",
            "project": "local-volt-431316-m2",
            "role": "roles/run.invoker",
            "service": "v1/projects/local-volt-431316-m2/locations/us-central1/services/stg-assessment"
          },
          "sensitive_attributes": [],
          "private": "bnVsbA==",
          "dependencies": [
            "google_cloud_run_v2_service.assessment"
          ]
        }
      ]
    },
    {
      "mode": "managed",
      "type": "google_cloud_run_service_iam_member",
      "name": "no_auth_videocall",
      "provider": "provider[\"registry.terraform.io/hashicorp/google\"]",
      "instances": [
        {
          "schema_version": 0,
          "attributes": {
            "condition": [],
            "etag": "BwYlTj8FnL4=",
            "id": "v1/projects/local-volt-431316-m2/locations/us-central1/services/stg-videocall/roles/run.invoker/allUsers",
            "location": "us-central1",
            "member": "allUsers",
            "project": "local-volt-431316-m2",
            "role": "roles/run.invoker",
            "service": "v1/projects/local-volt-431316-m2/locations/us-central1/services/stg-videocall"
          },
          "sensitive_attributes": [],
          "private": "bnVsbA==",
          "dependencies": [
            "google_cloud_run_v2_service.videocall"
          ]
        }
      ]
    },
    {
      "mode": "managed",
      "type": "google_cloud_run_v2_service",
      "name": "assessment",
      "provider": "provider[\"registry.terraform.io/hashicorp/google\"]",
      "instances": [
        {
          "schema_version": 0,
          "attributes": {
            "annotations": {},
            "binary_authorization": [],
            "client": "",
            "client_version": "",
            "conditions": [
              {
                "execution_reason": "",
                "last_transition_time": "2024-10-25T12:33:40.961156Z",
                "message": "",
                "reason": "",
                "revision_reason": "",
                "severity": "",
                "state": "CONDITION_SUCCEEDED",
                "type": "RoutesReady"
              },
              {
                "execution_reason": "",
                "last_transition_time": "2024-10-25T12:33:36.987189Z",
                "message": "",
                "reason": "",
                "revision_reason": "",
                "severity": "",
                "state": "CONDITION_SUCCEEDED",
                "type": "ConfigurationsReady"
              }
            ],
            "create_time": "2024-10-25T11:26:32.958356Z",
            "creator": "development@local-volt-431316-m2.iam.gserviceaccount.com",
            "custom_audiences": [],
            "delete_time": "",
            "deletion_protection": true,
            "description": "",
            "effective_annotations": {},
            "effective_labels": {
              "goog-terraform-provisioned": "true"
            },
            "etag": "\"CNef7rgGEJimwlQ/cHJvamVjdHMvbG9jYWwtdm9sdC00MzEzMTYtbTIvbG9jYXRpb25zL3VzLWNlbnRyYWwxL3NlcnZpY2VzL3N0Zy1hc3Nlc3NtZW50\"",
            "expire_time": "",
            "generation": "3",
            "id": "projects/local-volt-431316-m2/locations/us-central1/services/stg-assessment",
            "ingress": "INGRESS_TRAFFIC_ALL",
            "invoker_iam_disabled": false,
            "labels": {},
            "last_modifier": "development@local-volt-431316-m2.iam.gserviceaccount.com",
            "latest_created_revision": "projects/local-volt-431316-m2/locations/us-central1/services/stg-assessment/revisions/stg-assessment-00003-s5x",
            "latest_ready_revision": "projects/local-volt-431316-m2/locations/us-central1/services/stg-assessment/revisions/stg-assessment-00003-s5x",
            "launch_stage": "GA",
            "location": "us-central1",
            "name": "stg-assessment",
            "observed_generation": "3",
            "project": "local-volt-431316-m2",
            "reconciling": false,
            "scaling": [],
            "template": [
              {
                "annotations": {},
                "containers": [
                  {
                    "args": [],
                    "command": [],
                    "depends_on": [],
                    "env": [
                      {
                        "name": "ENV",
                        "value": "pro",
                        "value_source": []
                      },
                      {
                        "name": "FACE_SERVER",
                        "value": "NA",
                        "value_source": []
                      },
                      {
                        "name": "GOOGLE_APPLICATION_CREDENTIALS",
                        "value": "/tmp/app/credentials/local-volt-431316-m2-4fe954a04994.json",
                        "value_source": []
                      },
                      {
                        "name": "NODE_SERVER_PATH",
                        "value": "/",
                        "value_source": []
                      },
                      {
                        "name": "SEND_GRID_VARIABLE",
                        "value": "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",
                        "value_source": []
                      },
                      {
                        "name": "TRAIN_SERVER",
                        "value": "NA",
                        "value_source": []
                      },
                      {
                        "name": "USE_SECURE",
                        "value": "no",
                        "value_source": []
                      },
                      {
                        "name": "WORKSPACE",
                        "value": "/tmp/app",
                        "value_source": []
                      }
                    ],
                    "image": "us-docker.pkg.dev/ejfexperiments/us.gcr.io/nogales_assessment_front_back:1.12.0",
                    "liveness_probe": [],
                    "name": "",
                    "ports": [
                      {
                        "container_port": 8080,
                        "name": "http1"
                      }
                    ],
                    "resources": [
                      {
                        "cpu_idle": false,
                        "limits": {
                          "cpu": "2",
                          "memory": "4Gi"
                        },
                        "startup_cpu_boost": false
                      }
                    ],
                    "startup_probe": [
                      {
                        "failure_threshold": 1,
                        "grpc": [],
                        "http_get": [],
                        "initial_delay_seconds": 0,
                        "period_seconds": 240,
                        "tcp_socket": [
                          {
                            "port": 8080
                          }
                        ],
                        "timeout_seconds": 240
                      }
                    ],
                    "volume_mounts": [],
                    "working_dir": ""
                  }
                ],
                "encryption_key": "",
                "execution_environment": "",
                "labels": {},
                "max_instance_request_concurrency": 20,
                "revision": "",
                "scaling": [
                  {
                    "max_instance_count": 1,
                    "min_instance_count": 0
                  }
                ],
                "service_account": "284609972807-compute@developer.gserviceaccount.com",
                "session_affinity": false,
                "timeout": "300s",
                "volumes": [],
                "vpc_access": []
              }
            ],
            "terminal_condition": [
              {
                "execution_reason": "",
                "last_transition_time": "2024-10-25T12:33:41.921766Z",
                "message": "",
                "reason": "",
                "revision_reason": "",
                "severity": "",
                "state": "CONDITION_SUCCEEDED",
                "type": "Ready"
              }
            ],
            "terraform_labels": {
              "goog-terraform-provisioned": "true"
            },
            "timeouts": null,
            "traffic": [
              {
                "percent": 100,
                "revision": "",
                "tag": "",
                "type": "TRAFFIC_TARGET_ALLOCATION_TYPE_LATEST"
              }
            ],
            "traffic_statuses": [
              {
                "percent": 100,
                "revision": "",
                "tag": "",
                "type": "TRAFFIC_TARGET_ALLOCATION_TYPE_LATEST",
                "uri": ""
              }
            ],
            "uid": "3e354f19-d196-441e-a231-f5129362c7df",
            "update_time": "2024-10-25T12:32:23.177247Z",
            "uri": "https://stg-assessment-zozosgrfpa-uc.a.run.app"
          },
          "sensitive_attributes": [],
          "private": "eyJlMmJmYjczMC1lY2FhLTExZTYtOGY4OC0zNDM2M2JjN2M0YzAiOnsiY3JlYXRlIjoxMjAwMDAwMDAwMDAwLCJkZWxldGUiOjEyMDAwMDAwMDAwMDAsInVwZGF0ZSI6MTIwMDAwMDAwMDAwMH19"
        }
      ]
    },
    {
      "mode": "managed",
      "type": "google_cloud_run_v2_service",
      "name": "videocall",
      "provider": "provider[\"registry.terraform.io/hashicorp/google\"]",
      "instances": [
        {
          "schema_version": 0,
          "attributes": {
            "annotations": {},
            "binary_authorization": [],
            "client": "",
            "client_version": "",
            "conditions": [
              {
                "execution_reason": "",
                "last_transition_time": "2024-10-25T14:50:46.870608Z",
                "message": "",
                "reason": "",
                "revision_reason": "",
                "severity": "",
                "state": "CONDITION_SUCCEEDED",
                "type": "RoutesReady"
              },
              {
                "execution_reason": "",
                "last_transition_time": "2024-10-25T14:50:45.652842Z",
                "message": "",
                "reason": "",
                "revision_reason": "",
                "severity": "",
                "state": "CONDITION_SUCCEEDED",
                "type": "ConfigurationsReady"
              }
            ],
            "create_time": "2024-10-25T14:49:29.506982Z",
            "creator": "development@local-volt-431316-m2.iam.gserviceaccount.com",
            "custom_audiences": [],
            "delete_time": "",
            "deletion_protection": true,
            "description": "",
            "effective_annotations": {},
            "effective_labels": {
              "goog-terraform-provisioned": "true"
            },
            "etag": "\"CPnf7rgGEPDc3_EB/cHJvamVjdHMvbG9jYWwtdm9sdC00MzEzMTYtbTIvbG9jYXRpb25zL3VzLWNlbnRyYWwxL3NlcnZpY2VzL3N0Zy12aWRlb2NhbGw\"",
            "expire_time": "",
            "generation": "1",
            "id": "projects/local-volt-431316-m2/locations/us-central1/services/stg-videocall",
            "ingress": "INGRESS_TRAFFIC_ALL",
            "invoker_iam_disabled": false,
            "labels": {},
            "last_modifier": "development@local-volt-431316-m2.iam.gserviceaccount.com",
            "latest_created_revision": "projects/local-volt-431316-m2/locations/us-central1/services/stg-videocall/revisions/stg-videocall-00001-rd7",
            "latest_ready_revision": "projects/local-volt-431316-m2/locations/us-central1/services/stg-videocall/revisions/stg-videocall-00001-rd7",
            "launch_stage": "GA",
            "location": "us-central1",
            "name": "stg-videocall",
            "observed_generation": "1",
            "project": "local-volt-431316-m2",
            "reconciling": false,
            "scaling": [],
            "template": [
              {
                "annotations": {},
                "containers": [
                  {
                    "args": [],
                    "command": [],
                    "depends_on": [],
                    "env": [
                      {
                        "name": "ENV",
                        "value": "pro",
                        "value_source": []
                      },
                      {
                        "name": "FACE_SERVER",
                        "value": "NA",
                        "value_source": []
                      },
                      {
                        "name": "GOOGLE_APPLICATION_CREDENTIALS",
                        "value": "/tmp/app/credentials/local-volt-431316-m2-4fe954a04994.json",
                        "value_source": []
                      },
                      {
                        "name": "NODE_SERVER_PATH",
                        "value": "/",
                        "value_source": []
                      },
                      {
                        "name": "SEND_GRID_VARIABLE",
                        "value": "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",
                        "value_source": []
                      },
                      {
                        "name": "TRAIN_SERVER",
                        "value": "NA",
                        "value_source": []
                      },
                      {
                        "name": "USE_SECURE",
                        "value": "no",
                        "value_source": []
                      },
                      {
                        "name": "WORKSPACE",
                        "value": "/tmp/app",
                        "value_source": []
                      }
                    ],
                    "image": "us-docker.pkg.dev/ejfexperiments/us.gcr.io/nogales_videocall_front_back:1.0.0",
                    "liveness_probe": [],
                    "name": "",
                    "ports": [
                      {
                        "container_port": 8080,
                        "name": "http1"
                      }
                    ],
                    "resources": [
                      {
                        "cpu_idle": false,
                        "limits": {
                          "cpu": "2",
                          "memory": "4Gi"
                        },
                        "startup_cpu_boost": false
                      }
                    ],
                    "startup_probe": [
                      {
                        "failure_threshold": 1,
                        "grpc": [],
                        "http_get": [],
                        "initial_delay_seconds": 0,
                        "period_seconds": 240,
                        "tcp_socket": [
                          {
                            "port": 8080
                          }
                        ],
                        "timeout_seconds": 240
                      }
                    ],
                    "volume_mounts": [],
                    "working_dir": ""
                  }
                ],
                "encryption_key": "",
                "execution_environment": "",
                "labels": {},
                "max_instance_request_concurrency": 20,
                "revision": "",
                "scaling": [
                  {
                    "max_instance_count": 1,
                    "min_instance_count": 0
                  }
                ],
                "service_account": "284609972807-compute@developer.gserviceaccount.com",
                "session_affinity": false,
                "timeout": "300s",
                "volumes": [],
                "vpc_access": []
              }
            ],
            "terminal_condition": [
              {
                "execution_reason": "",
                "last_transition_time": "2024-10-25T14:50:46.909058Z",
                "message": "",
                "reason": "",
                "revision_reason": "",
                "severity": "",
                "state": "CONDITION_SUCCEEDED",
                "type": "Ready"
              }
            ],
            "terraform_labels": {
              "goog-terraform-provisioned": "true"
            },
            "timeouts": null,
            "traffic": [
              {
                "percent": 100,
                "revision": "",
                "tag": "",
                "type": "TRAFFIC_TARGET_ALLOCATION_TYPE_LATEST"
              }
            ],
            "traffic_statuses": [
              {
                "percent": 100,
                "revision": "",
                "tag": "",
                "type": "TRAFFIC_TARGET_ALLOCATION_TYPE_LATEST",
                "uri": ""
              }
            ],
            "uid": "56a2dae0-b714-4b02-ab42-b63606712dfe",
            "update_time": "2024-10-25T14:49:29.506982Z",
            "uri": "https://stg-videocall-zozosgrfpa-uc.a.run.app"
          },
          "sensitive_attributes": [],
          "private": "eyJlMmJmYjczMC1lY2FhLTExZTYtOGY4OC0zNDM2M2JjN2M0YzAiOnsiY3JlYXRlIjoxMjAwMDAwMDAwMDAwLCJkZWxldGUiOjEyMDAwMDAwMDAwMDAsInVwZGF0ZSI6MTIwMDAwMDAwMDAwMH19"
        }
      ]
    },
    {
      "mode": "managed",
      "type": "google_compute_address",
      "name": "nogales_private_ip",
      "provider": "provider[\"registry.terraform.io/hashicorp/google\"]",
      "instances": [
        {
          "schema_version": 0,
          "attributes": {
            "address": "10.2.0.4",
            "address_type": "INTERNAL",
            "creation_timestamp": "2024-10-25T05:57:19.978-07:00",
            "description": "",
            "effective_labels": {
              "goog-terraform-provisioned": "true"
            },
            "id": "projects/local-volt-431316-m2/regions/us-central1/addresses/stg-nogales-private-ip",
            "ip_version": "",
            "ipv6_endpoint_type": "",
            "label_fingerprint": "vezUS-42LLM=",
            "labels": {},
            "name": "stg-nogales-private-ip",
            "network": "",
            "network_tier": "PREMIUM",
            "prefix_length": 0,
            "project": "local-volt-431316-m2",
            "purpose": "GCE_ENDPOINT",
            "region": "us-central1",
            "self_link": "https://www.googleapis.com/compute/v1/projects/local-volt-431316-m2/regions/us-central1/addresses/stg-nogales-private-ip",
            "subnetwork": "https://www.googleapis.com/compute/v1/projects/local-volt-431316-m2/regions/us-central1/subnetworks/stg-nogales-subnetwork",
            "terraform_labels": {
              "goog-terraform-provisioned": "true"
            },
            "timeouts": null,
            "users": [
              "https://www.googleapis.com/compute/v1/projects/local-volt-431316-m2/zones/us-central1-c/instances/stg-nogales-videocall"
            ]
          },
          "sensitive_attributes": [],
          "private": "eyJlMmJmYjczMC1lY2FhLTExZTYtOGY4OC0zNDM2M2JjN2M0YzAiOnsiY3JlYXRlIjoxMjAwMDAwMDAwMDAwLCJkZWxldGUiOjEyMDAwMDAwMDAwMDAsInVwZGF0ZSI6MTIwMDAwMDAwMDAwMH19",
          "dependencies": [
            "google_compute_network.nogales-network",
            "google_compute_subnetwork.nogales-subnetwork"
          ]
        }
      ]
    },
    {
      "mode": "managed",
      "type": "google_compute_address",
      "name": "videcall_ip",
      "provider": "provider[\"registry.terraform.io/hashicorp/google\"]",
      "instances": [
        {
          "schema_version": 0,
          "attributes": {
            "address": "35.192.214.149",
            "address_type": "EXTERNAL",
            "creation_timestamp": "2024-10-25T06:03:33.928-07:00",
            "description": "",
            "effective_labels": {
              "goog-terraform-provisioned": "true"
            },
            "id": "projects/local-volt-431316-m2/regions/us-central1/addresses/stg-nogales-videcall-ip",
            "ip_version": "",
            "ipv6_endpoint_type": "",
            "label_fingerprint": "vezUS-42LLM=",
            "labels": {},
            "name": "stg-nogales-videcall-ip",
            "network": "",
            "network_tier": "PREMIUM",
            "prefix_length": 0,
            "project": "local-volt-431316-m2",
            "purpose": "",
            "region": "us-central1",
            "self_link": "https://www.googleapis.com/compute/v1/projects/local-volt-431316-m2/regions/us-central1/addresses/stg-nogales-videcall-ip",
            "subnetwork": "",
            "terraform_labels": {
              "goog-terraform-provisioned": "true"
            },
            "timeouts": null,
            "users": [
              "https://www.googleapis.com/compute/v1/projects/local-volt-431316-m2/zones/us-central1-c/instances/stg-nogales-videocall"
            ]
          },
          "sensitive_attributes": [],
          "private": "eyJlMmJmYjczMC1lY2FhLTExZTYtOGY4OC0zNDM2M2JjN2M0YzAiOnsiY3JlYXRlIjoxMjAwMDAwMDAwMDAwLCJkZWxldGUiOjEyMDAwMDAwMDAwMDAsInVwZGF0ZSI6MTIwMDAwMDAwMDAwMH19"
        }
      ]
    },
    {
      "mode": "managed",
      "type": "google_compute_firewall",
      "name": "http-rule",
      "provider": "provider[\"registry.terraform.io/hashicorp/google\"]",
      "instances": [
        {
          "schema_version": 1,
          "attributes": {
            "allow": [
              {
                "ports": [
                  "80"
                ],
                "protocol": "tcp"
              }
            ],
            "creation_timestamp": "2024-10-25T05:58:54.878-07:00",
            "deny": [],
            "description": "",
            "destination_ranges": [],
            "direction": "INGRESS",
            "disabled": false,
            "enable_logging": null,
            "id": "projects/local-volt-431316-m2/global/firewalls/stg-nogales-http-rule",
            "log_config": [],
            "name": "stg-nogales-http-rule",
            "network": "https://www.googleapis.com/compute/v1/projects/local-volt-431316-m2/global/networks/stg-nogales-network",
            "priority": 1000,
            "project": "local-volt-431316-m2",
            "self_link": "https://www.googleapis.com/compute/v1/projects/local-volt-431316-m2/global/firewalls/stg-nogales-http-rule",
            "source_ranges": [
              "0.0.0.0/0"
            ],
            "source_service_accounts": [],
            "source_tags": [],
            "target_service_accounts": [],
            "target_tags": [],
            "timeouts": null
          },
          "sensitive_attributes": [],
          "private": "eyJlMmJmYjczMC1lY2FhLTExZTYtOGY4OC0zNDM2M2JjN2M0YzAiOnsiY3JlYXRlIjoxMjAwMDAwMDAwMDAwLCJkZWxldGUiOjEyMDAwMDAwMDAwMDAsInVwZGF0ZSI6MTIwMDAwMDAwMDAwMH0sInNjaGVtYV92ZXJzaW9uIjoiMSJ9",
          "dependencies": [
            "google_compute_network.nogales-network"
          ]
        }
      ]
    },
    {
      "mode": "managed",
      "type": "google_compute_firewall",
      "name": "https-rule",
      "provider": "provider[\"registry.terraform.io/hashicorp/google\"]",
      "instances": [
        {
          "schema_version": 1,
          "attributes": {
            "allow": [
              {
                "ports": [
                  "443"
                ],
                "protocol": "tcp"
              }
            ],
            "creation_timestamp": "2024-10-25T05:58:54.878-07:00",
            "deny": [],
            "description": "",
            "destination_ranges": [],
            "direction": "INGRESS",
            "disabled": false,
            "enable_logging": null,
            "id": "projects/local-volt-431316-m2/global/firewalls/stg-nogales-https-rule",
            "log_config": [],
            "name": "stg-nogales-https-rule",
            "network": "https://www.googleapis.com/compute/v1/projects/local-volt-431316-m2/global/networks/stg-nogales-network",
            "priority": 1000,
            "project": "local-volt-431316-m2",
            "self_link": "https://www.googleapis.com/compute/v1/projects/local-volt-431316-m2/global/firewalls/stg-nogales-https-rule",
            "source_ranges": [
              "0.0.0.0/0"
            ],
            "source_service_accounts": [],
            "source_tags": [],
            "target_service_accounts": [],
            "target_tags": [],
            "timeouts": null
          },
          "sensitive_attributes": [],
          "private": "eyJlMmJmYjczMC1lY2FhLTExZTYtOGY4OC0zNDM2M2JjN2M0YzAiOnsiY3JlYXRlIjoxMjAwMDAwMDAwMDAwLCJkZWxldGUiOjEyMDAwMDAwMDAwMDAsInVwZGF0ZSI6MTIwMDAwMDAwMDAwMH0sInNjaGVtYV92ZXJzaW9uIjoiMSJ9",
          "dependencies": [
            "google_compute_network.nogales-network"
          ]
        }
      ]
    },
    {
      "mode": "managed",
      "type": "google_compute_firewall",
      "name": "ssh-rule",
      "provider": "provider[\"registry.terraform.io/hashicorp/google\"]",
      "instances": [
        {
          "schema_version": 1,
          "attributes": {
            "allow": [
              {
                "ports": [
                  "22"
                ],
                "protocol": "tcp"
              }
            ],
            "creation_timestamp": "2024-10-25T05:58:54.915-07:00",
            "deny": [],
            "description": "",
            "destination_ranges": [],
            "direction": "INGRESS",
            "disabled": false,
            "enable_logging": null,
            "id": "projects/local-volt-431316-m2/global/firewalls/stg-nogales-ssh-rule",
            "log_config": [],
            "name": "stg-nogales-ssh-rule",
            "network": "https://www.googleapis.com/compute/v1/projects/local-volt-431316-m2/global/networks/stg-nogales-network",
            "priority": 1000,
            "project": "local-volt-431316-m2",
            "self_link": "https://www.googleapis.com/compute/v1/projects/local-volt-431316-m2/global/firewalls/stg-nogales-ssh-rule",
            "source_ranges": [
              "0.0.0.0/0"
            ],
            "source_service_accounts": [],
            "source_tags": [],
            "target_service_accounts": [],
            "target_tags": [],
            "timeouts": null
          },
          "sensitive_attributes": [],
          "private": "eyJlMmJmYjczMC1lY2FhLTExZTYtOGY4OC0zNDM2M2JjN2M0YzAiOnsiY3JlYXRlIjoxMjAwMDAwMDAwMDAwLCJkZWxldGUiOjEyMDAwMDAwMDAwMDAsInVwZGF0ZSI6MTIwMDAwMDAwMDAwMH0sInNjaGVtYV92ZXJzaW9uIjoiMSJ9",
          "dependencies": [
            "google_compute_network.nogales-network"
          ]
        }
      ]
    },
    {
      "mode": "managed",
      "type": "google_compute_instance",
      "name": "videocall",
      "provider": "provider[\"registry.terraform.io/hashicorp/google\"]",
      "instances": [
        {
          "schema_version": 6,
          "attributes": {
            "advanced_machine_features": [],
            "allow_stopping_for_update": null,
            "attached_disk": [],
            "boot_disk": [
              {
                "auto_delete": false,
                "device_name": "stg-nogales-videocall",
                "disk_encryption_key_raw": "",
                "disk_encryption_key_sha256": "",
                "initialize_params": [
                  {
                    "enable_confidential_compute": false,
                    "image": "https://www.googleapis.com/compute/v1/projects/cos-cloud/global/images/cos-stable-113-18244-85-29",
                    "labels": {},
                    "provisioned_iops": 0,
                    "provisioned_throughput": 0,
                    "resource_manager_tags": {},
                    "resource_policies": [],
                    "size": 100,
                    "storage_pool": "",
                    "type": "pd-balanced"
                  }
                ],
                "interface": "",
                "kms_key_self_link": "",
                "mode": "READ_WRITE",
                "source": "https://www.googleapis.com/compute/v1/projects/local-volt-431316-m2/zones/us-central1-c/disks/stg-nogales-videocall"
              }
            ],
            "can_ip_forward": false,
            "confidential_instance_config": [],
            "cpu_platform": "Intel Haswell",
            "current_status": "RUNNING",
            "deletion_protection": false,
            "description": "",
            "desired_status": null,
            "effective_labels": {
              "container-vm": "cos-stable-113-18244-85-29",
              "goog-ec-src": "vm_add-tf",
              "goog-terraform-provisioned": "true"
            },
            "enable_display": false,
            "guest_accelerator": [],
            "hostname": "",
            "id": "projects/local-volt-431316-m2/zones/us-central1-c/instances/stg-nogales-videocall",
            "instance_id": "8940599703963571106",
            "label_fingerprint": "-w4UKwj4sas=",
            "labels": {
              "container-vm": "cos-stable-113-18244-85-29",
              "goog-ec-src": "vm_add-tf"
            },
            "machine_type": "n1-standard-1",
            "metadata": {
              "gce-container-declaration": "spec:\n  containers:\n    - image: us-docker.pkg.dev/ejfexperiments/us.gcr.io/nogales_videocall_front_back:1.0.0\n      name:  nogalesserver\n      env:\n        - name: GOOGLE_APPLICATION_CREDENTIALS\n          value: /tmp/app/credentials/local-volt-431316-m2-4fe954a04994.json\n        - name: PORT\n          value: 80\n        - name: USE_SECURE\n          value: no\n        - name: ENV\n          value: stg\n        - name: TRAIN_SERVER\n          value: NA\n        - name: FACE_SERVER\n          value: NA\n        - name: SEND_GRID_VARIABLE\n          value: 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\n        - name: WORKSPACE\n          value: /tmp/app\n        - name: NODE_SERVER_PATH\n          value: /\n      securityContext:\n        privileged: true\n      stdin: false\n      tty: false\n      volumeMounts: []\n      restartPolicy: Always\n      volumes: []\n",
              "google-logging-enabled": "true"
            },
            "metadata_fingerprint": "5Nh4y7JKSkU=",
            "metadata_startup_script": null,
            "min_cpu_platform": "",
            "name": "stg-nogales-videocall",
            "network_interface": [
              {
                "access_config": [
                  {
                    "nat_ip": "35.192.214.149",
                    "network_tier": "PREMIUM",
                    "public_ptr_domain_name": ""
                  }
                ],
                "alias_ip_range": [],
                "internal_ipv6_prefix_length": 0,
                "ipv6_access_config": [],
                "ipv6_access_type": "",
                "ipv6_address": "",
                "name": "nic0",
                "network": "https://www.googleapis.com/compute/v1/projects/local-volt-431316-m2/global/networks/stg-nogales-network",
                "network_ip": "10.2.0.4",
                "nic_type": "",
                "queue_count": 0,
                "stack_type": "IPV4_ONLY",
                "subnetwork": "https://www.googleapis.com/compute/v1/projects/local-volt-431316-m2/regions/us-central1/subnetworks/stg-nogales-subnetwork",
                "subnetwork_project": "local-volt-431316-m2"
              }
            ],
            "network_performance_config": [],
            "params": [],
            "project": "local-volt-431316-m2",
            "reservation_affinity": [],
            "resource_policies": [],
            "scheduling": [
              {
                "automatic_restart": true,
                "instance_termination_action": "",
                "local_ssd_recovery_timeout": [],
                "max_run_duration": [],
                "min_node_cpus": 0,
                "node_affinities": [],
                "on_host_maintenance": "MIGRATE",
                "on_instance_stop_action": [],
                "preemptible": false,
                "provisioning_model": "STANDARD"
              }
            ],
            "scratch_disk": [],
            "self_link": "https://www.googleapis.com/compute/v1/projects/local-volt-431316-m2/zones/us-central1-c/instances/stg-nogales-videocall",
            "service_account": [
              {
                "email": "284609972807-compute@developer.gserviceaccount.com",
                "scopes": [
                  "https://www.googleapis.com/auth/devstorage.read_only",
                  "https://www.googleapis.com/auth/logging.write",
                  "https://www.googleapis.com/auth/monitoring.write",
                  "https://www.googleapis.com/auth/service.management.readonly",
                  "https://www.googleapis.com/auth/servicecontrol",
                  "https://www.googleapis.com/auth/trace.append"
                ]
              }
            ],
            "shielded_instance_config": [
              {
                "enable_integrity_monitoring": true,
                "enable_secure_boot": false,
                "enable_vtpm": true
              }
            ],
            "tags": [
              "http-server",
              "https-server",
              "ssh"
            ],
            "tags_fingerprint": "xEi19su0rvw=",
            "terraform_labels": {
              "container-vm": "cos-stable-113-18244-85-29",
              "goog-ec-src": "vm_add-tf",
              "goog-terraform-provisioned": "true"
            },
            "timeouts": null,
            "zone": "us-central1-c"
          },
          "sensitive_attributes": [
            [
              {
                "type": "get_attr",
                "value": "boot_disk"
              },
              {
                "type": "index",
                "value": {
                  "value": 0,
                  "type": "number"
                }
              },
              {
                "type": "get_attr",
                "value": "disk_encryption_key_raw"
              }
            ]
          ],
          "private": "eyJlMmJmYjczMC1lY2FhLTExZTYtOGY4OC0zNDM2M2JjN2M0YzAiOnsiY3JlYXRlIjoxMjAwMDAwMDAwMDAwLCJkZWxldGUiOjEyMDAwMDAwMDAwMDAsInVwZGF0ZSI6MTIwMDAwMDAwMDAwMH0sInNjaGVtYV92ZXJzaW9uIjoiNiJ9",
          "dependencies": [
            "google_compute_address.nogales_private_ip",
            "google_compute_address.videcall_ip",
            "google_compute_network.nogales-network",
            "google_compute_subnetwork.nogales-subnetwork"
          ]
        }
      ]
    },
    {
      "mode": "managed",
      "type": "google_compute_network",
      "name": "nogales-network",
      "provider": "provider[\"registry.terraform.io/hashicorp/google\"]",
      "instances": [
        {
          "schema_version": 0,
          "attributes": {
            "auto_create_subnetworks": false,
            "delete_default_routes_on_create": false,
            "description": "",
            "enable_ula_internal_ipv6": false,
            "gateway_ipv4": "",
            "id": "projects/local-volt-431316-m2/global/networks/stg-nogales-network",
            "internal_ipv6_range": "",
            "mtu": 1460,
            "name": "stg-nogales-network",
            "network_firewall_policy_enforcement_order": "AFTER_CLASSIC_FIREWALL",
            "numeric_id": "8032871859497847",
            "project": "local-volt-431316-m2",
            "routing_mode": "REGIONAL",
            "self_link": "https://www.googleapis.com/compute/v1/projects/local-volt-431316-m2/global/networks/stg-nogales-network",
            "timeouts": null
          },
          "sensitive_attributes": [],
          "private": "eyJlMmJmYjczMC1lY2FhLTExZTYtOGY4OC0zNDM2M2JjN2M0YzAiOnsiY3JlYXRlIjoxMjAwMDAwMDAwMDAwLCJkZWxldGUiOjEyMDAwMDAwMDAwMDAsInVwZGF0ZSI6MTIwMDAwMDAwMDAwMH19"
        }
      ]
    },
    {
      "mode": "managed",
      "type": "google_compute_subnetwork",
      "name": "nogales-subnetwork",
      "provider": "provider[\"registry.terraform.io/hashicorp/google\"]",
      "instances": [
        {
          "schema_version": 0,
          "attributes": {
            "creation_timestamp": "2024-10-25T05:57:08.315-07:00",
            "description": "",
            "external_ipv6_prefix": "",
            "fingerprint": null,
            "gateway_address": "10.2.0.1",
            "id": "projects/local-volt-431316-m2/regions/us-central1/subnetworks/stg-nogales-subnetwork",
            "internal_ipv6_prefix": "",
            "ip_cidr_range": "10.2.0.0/28",
            "ipv6_access_type": "",
            "ipv6_cidr_range": "",
            "log_config": [],
            "name": "stg-nogales-subnetwork",
            "network": "https://www.googleapis.com/compute/v1/projects/local-volt-431316-m2/global/networks/stg-nogales-network",
            "private_ip_google_access": false,
            "private_ipv6_google_access": "DISABLE_GOOGLE_ACCESS",
            "project": "local-volt-431316-m2",
            "purpose": "PRIVATE",
            "region": "us-central1",
            "reserved_internal_range": "",
            "role": "",
            "secondary_ip_range": [],
            "self_link": "https://www.googleapis.com/compute/v1/projects/local-volt-431316-m2/regions/us-central1/subnetworks/stg-nogales-subnetwork",
            "send_secondary_ip_range_if_empty": null,
            "stack_type": "IPV4_ONLY",
            "timeouts": null
          },
          "sensitive_attributes": [],
          "private": "eyJlMmJmYjczMC1lY2FhLTExZTYtOGY4OC0zNDM2M2JjN2M0YzAiOnsiY3JlYXRlIjoxMjAwMDAwMDAwMDAwLCJkZWxldGUiOjEyMDAwMDAwMDAwMDAsInVwZGF0ZSI6MTIwMDAwMDAwMDAwMH19",
          "dependencies": [
            "google_compute_network.nogales-network"
          ]
        }
      ]
    },
    {
      "mode": "managed",
      "type": "google_vpc_access_connector",
      "name": "connector",
      "provider": "provider[\"registry.terraform.io/hashicorp/google\"]",
      "instances": [
        {
          "schema_version": 0,
          "attributes": {
            "connected_projects": [],
            "id": "projects/local-volt-431316-m2/locations/us-central1/connectors/stg-nogales-theconnector",
            "ip_cidr_range": "",
            "machine_type": "e2-micro",
            "max_instances": 3,
            "max_throughput": 300,
            "min_instances": 2,
            "min_throughput": 200,
            "name": "stg-nogales-theconnector",
            "network": "stg-nogales-network",
            "project": "local-volt-431316-m2",
            "region": "us-central1",
            "self_link": "projects/local-volt-431316-m2/locations/us-central1/connectors/stg-nogales-theconnector",
            "state": "READY",
            "subnet": [
              {
                "name": "stg-nogales-subnetwork",
                "project_id": "local-volt-431316-m2"
              }
            ],
            "timeouts": null
          },
          "sensitive_attributes": [],
          "private": "eyJlMmJmYjczMC1lY2FhLTExZTYtOGY4OC0zNDM2M2JjN2M0YzAiOnsiY3JlYXRlIjoxMjAwMDAwMDAwMDAwLCJkZWxldGUiOjEyMDAwMDAwMDAwMDB9fQ==",
          "dependencies": [
            "google_compute_network.nogales-network",
            "google_compute_subnetwork.nogales-subnetwork"
          ]
        }
      ]
    }
  ],
  "check_results": null
}
